PODS:
  - Flutter (1.0.0)
  - flutter_ringtone_player (0.0.1):
    - Flutter
  - flutter_voice_processor (1.0.0):
    - Flutter
  - fluttertoast (0.0.2):
    - Flutter
    - Toast
  - path_provider (0.0.1):
    - Flutter
  - porcupine (1.9.12):
    - Flutter
  - rhino (1.6.9):
    - Flutter
  - Toast (4.0.0)

DEPENDENCIES:
  - Flutter (from `Flutter`)
  - flutter_ringtone_player (from `.symlinks/plugins/flutter_ringtone_player/ios`)
  - flutter_voice_processor (from `.symlinks/plugins/flutter_voice_processor/ios`)
  - fluttertoast (from `.symlinks/plugins/fluttertoast/ios`)
  - path_provider (from `.symlinks/plugins/path_provider/ios`)
  - porcupine (from `.symlinks/plugins/porcupine/ios`)
  - rhino (from `.symlinks/plugins/rhino/ios`)

SPEC REPOS:
  trunk:
    - Toast

EXTERNAL SOURCES:
  Flutter:
    :path: Flutter
  flutter_ringtone_player:
    :path: ".symlinks/plugins/flutter_ringtone_player/ios"
  flutter_voice_processor:
    :path: ".symlinks/plugins/flutter_voice_processor/ios"
  fluttertoast:
    :path: ".symlinks/plugins/fluttertoast/ios"
  path_provider:
    :path: ".symlinks/plugins/path_provider/ios"
  porcupine:
    :path: ".symlinks/plugins/porcupine/ios"
  rhino:
    :path: ".symlinks/plugins/rhino/ios"

SPEC CHECKSUMS:
  Flutter: 434fef37c0980e73bb6479ef766c45957d4b510c
  flutter_ringtone_player: 15eba85187230b87b2512f0e1b92225618bc03e7
  flutter_voice_processor: f563048750dd0dcdca5aac253fa57e86f83a6e54
  fluttertoast: 6122fa75143e992b1d3470f61000f591a798cc58
  path_provider: abfe2b5c733d04e238b0d8691db0cfd63a27a93c
  porcupine: 1db970f35ac2d993b0718bf6b15c158e630505f2
  rhino: 7bb93c8fd1eec8c75369cbc357d836aa536ee4db
  Toast: 91b396c56ee72a5790816f40d3a94dd357abc196

PODFILE CHECKSUM: aafe91acc616949ddb318b77800a7f51bffa2a4c

COCOAPODS: 1.10.1
