# THIS IS AN AUTOGENERATED FILE. DO NOT EDIT THIS FILE DIRECTLY.
# yarn lockfile v1


"@picovoice/picovoice-web@=2.1.5":
  version "2.1.5"
  resolved "https://registry.yarnpkg.com/@picovoice/picovoice-web/-/picovoice-web-2.1.5.tgz#c07071e267c597dd0be13f375b4b9938eac6b1fc"
  integrity sha512-w+JYFE4Yuqq/CCqkDFQ5EjJa8gw72B78BNqWHVQb3xnNler+lAaiWegaiDBbsPCJYYFUTdRQsqlyv4Y8dHvvNQ==
  dependencies:
    "@picovoice/porcupine-web" "=2.1.8"
    "@picovoice/rhino-web" "=2.1.5"
    "@picovoice/web-utils" "=1.2.6"

"@picovoice/porcupine-web@=2.1.8":
  version "2.1.8"
  resolved "https://registry.yarnpkg.com/@picovoice/porcupine-web/-/porcupine-web-2.1.8.tgz#168c96caa21d1d9a2200b2b14a0b977dcffdcff7"
  integrity sha512-ReP/M20Wy6LSZFWc4eJaCpVB0VvFdBv7/Ch+AlRF3T2tukkzMpC63H5DQMtm0VlFwWJpFn37zA7qsdTHWHP1wg==
  dependencies:
    "@picovoice/web-utils" "=1.2.6"

"@picovoice/rhino-web@=2.1.5":
  version "2.1.5"
  resolved "https://registry.yarnpkg.com/@picovoice/rhino-web/-/rhino-web-2.1.5.tgz#f38d0e38829797fb6a2aa8c406494ea91325594b"
  integrity sha512-P0AfwCl5MFIwWZ6QaEtOFM6U7oenEuIKsi1F0Q8sYKL/9FTzVjTXyQhI7hb/2LxOm0iCgt2PygDRU8jitf/t/Q==
  dependencies:
    "@picovoice/web-utils" "=1.2.6"

"@picovoice/web-utils@=1.2.6":
  version "1.2.6"
  resolved "https://registry.yarnpkg.com/@picovoice/web-utils/-/web-utils-1.2.6.tgz#a3b53de19b15438e48f74516c91ca1f6bb90e786"
  integrity sha512-Nr+qGUeZRy3nfN8JdGoz2NE1O6WE50JI4weHb95gsadstQApOppKNmK9iuCK+3NCh7tGXYZLyyZJ1Ny+Sfo1WA==
  dependencies:
    commander "^9.2.0"

commander@^9.2.0:
  version "9.4.0"
  resolved "https://registry.yarnpkg.com/commander/-/commander-9.4.0.tgz#bc4a40918fefe52e22450c111ecd6b7acce6f11c"
  integrity sha512-sRPT+umqkz90UA8M1yqYfnHlZA7fF6nSphDtxeywPZ49ysjxDQybzk13CL+mXekDRG92skbcqCLVovuCusNmFw==

tslib@^2.0.0:
  version "2.4.0"
  resolved "https://registry.yarnpkg.com/tslib/-/tslib-2.4.0.tgz#7cecaa7f073ce680a05847aa77be941098f36dc3"
  integrity sha512-d6xOpEDfsi2CZVlPQzGeux8XMwLT9hssAsaPYExaQMuYskwb+x1x7J371tWlbBdWHroy99KnVB6qIkUbs5X3UQ==
