github.com/Picovoice/porcupine/binding/go/v2 v2.1.4 h1:V9/45bg/IBTe6xzC+2vxo2BeiEJ35+i3pmlKmTU3h/M=
github.com/Picovoice/porcupine/binding/go/v2 v2.1.4/go.mod h1:09YbXv1wD+hAav5oygCk/Q3teUeu0vho4BXERzpeGWM=
github.com/Picovoice/rhino/binding/go/v2 v2.1.5 h1:53UUkg7EcKPoKBb8ZWxxJQwfmaiN/S9dO4RhyPgQZ9s=
github.com/Picovoice/rhino/binding/go/v2 v2.1.5/go.mod h1:/DNCpNLIENfz9A85bHUUDTW8YSHFcmPDDDA/XZPQgbI=
