github.com/Picovoice/porcupine/binding/go/v2 v2.1.1 h1:TdV842uYotkfMg9NFurQ9oIpd7JqiJ+KaR6Tpp28PbU=
github.com/Picovoice/porcupine/binding/go/v2 v2.1.1/go.mod h1:ZoCMGeBEiDKYVDE+6jRg1/cdSOCjM4cuoBKV3+EBtM8=
github.com/Picovoice/rhino/binding/go/v2 v2.1.1 h1:7r1OVNWJWcSDKf0bFZOk6yk5GMx3jKhIeaISo2poeIY=
github.com/Picovoice/rhino/binding/go/v2 v2.1.1/go.mod h1:8f1JuYLexgD44ISYSLhEIGfns6Z+4vQhpLitwNgpM2I=
golang.org/x/sys v0.0.0-20210514084401-e8d321eab015/go.mod h1:oPkhp1MJrh7nUepCBck5+mAzfO9JrbApNNgaTdGDITg=
golang.org/x/sys v0.0.0-20210521090106-6ca3eb03dfc2 h1:48AqIJLs69Wmc3mA52aIcqt544rjrDCqolKAv7L8leA=
golang.org/x/sys v0.0.0-20210521090106-6ca3eb03dfc2/go.mod h1:oPkhp1MJrh7nUepCBck5+mAzfO9JrbApNNgaTdGDITg=
