PODS:
  - ios-voice-processor (1.1.0)
  - Picovoice-iOS (2.2.2):
    - ios-voice-processor (~> 1.1.0)
    - Porcupine-iOS (~> 2.2.1)
    - Rhino-iOS (~> 2.2.2)
  - Porcupine-iOS (2.2.1):
    - ios-voice-processor (~> 1.1.0)
  - Rhino-iOS (2.2.2):
    - ios-voice-processor (~> 1.1.0)

DEPENDENCIES:
  - Picovoice-iOS (~> 2.2.2)

SPEC REPOS:
  trunk:
    - ios-voice-processor
    - Picovoice-iOS
    - Porcupine-iOS
    - Rhino-iOS

SPEC CHECKSUMS:
  ios-voice-processor: 8e32d7f980a06d392d128ef1cd19cf6ddcaca3c1
  Picovoice-iOS: a0842f4d2320c32035425cb4aaa9aa095b9b0188
  Porcupine-iOS: df8e4a63d787b6c16bd5f988fd0f2c29a249a4bd
  Rhino-iOS: 0fad86b28d35f67ccb6bd0a2efbbcc0d88b05124

PODFILE CHECKSUM: 9585436e7667d1d1232ed69abf38bdd55c50fe66

COCOAPODS: 1.11.3
