// !$*UTF8*$!
{
	archiveVersion = 1;
	classes = {
	};
	objectVersion = 48;
	objects = {

/* Begin PBXBuildFile section */
		1760DF2D253A175000395344 /* PicovoiceForegroundAppDemo.swift in Sources */ = {isa = PBXBuildFile; fileRef = 1760DF2C253A175000395344 /* PicovoiceForegroundAppDemo.swift */; };
		1760DF2F253A175000395344 /* ContentView.swift in Sources */ = {isa = PBXBuildFile; fileRef = 1760DF2E253A175000395344 /* ContentView.swift */; };
		1760DF31253A175500395344 /* Assets.xcassets in Resources */ = {isa = PBXBuildFile; fileRef = 1760DF30253A175500395344 /* Assets.xcassets */; };
		1760DF34253A175500395344 /* Preview Assets.xcassets in Resources */ = {isa = PBXBuildFile; fileRef = 1760DF33253A175500395344 /* Preview Assets.xcassets */; };
		1760DF58253A442A00395344 /* smart_lighting_ios.rhn in Resources */ = {isa = PBXBuildFile; fileRef = 1760DF57253A442A00395344 /* smart_lighting_ios.rhn */; };
		1E1A67C026C4388300EDD6EC /* PicovoiceForegroundAppDemoUITests.swift in Sources */ = {isa = PBXBuildFile; fileRef = 1E1A67BF26C4388300EDD6EC /* PicovoiceForegroundAppDemoUITests.swift */; };
		1E1A67CD26C4397400EDD6EC /* picovoice-coffee.wav in Resources */ = {isa = PBXBuildFile; fileRef = 1E1A67CC26C4397400EDD6EC /* picovoice-coffee.wav */; };
		1E1A67D426C43C7A00EDD6EC /* test_fr_ios.rhn in Resources */ = {isa = PBXBuildFile; fileRef = 1E1A67D326C43C7A00EDD6EC /* test_fr_ios.rhn */; };
		1E1A67D626C43C8A00EDD6EC /* test_es_ios.rhn in Resources */ = {isa = PBXBuildFile; fileRef = 1E1A67D526C43C8A00EDD6EC /* test_es_ios.rhn */; };
		1E1A67D826C43C9900EDD6EC /* test_de_ios.rhn in Resources */ = {isa = PBXBuildFile; fileRef = 1E1A67D726C43C9900EDD6EC /* test_de_ios.rhn */; };
		1E1A67DA26C43CBA00EDD6EC /* coffee_maker_linux.rhn in Resources */ = {isa = PBXBuildFile; fileRef = 1E1A67D926C43CBA00EDD6EC /* coffee_maker_linux.rhn */; };
		1E1A67DC26C43CCD00EDD6EC /* coffee_maker_ios.rhn in Resources */ = {isa = PBXBuildFile; fileRef = 1E1A67DB26C43CCD00EDD6EC /* coffee_maker_ios.rhn */; };
		1E1A67E326C43CFB00EDD6EC /* ananas_ios.ppn in Resources */ = {isa = PBXBuildFile; fileRef = 1E1A67E226C43CFB00EDD6EC /* ananas_ios.ppn */; };
		1E1A67E726C43D6900EDD6EC /* emparedado_ios.ppn in Resources */ = {isa = PBXBuildFile; fileRef = 1E1A67E626C43D6900EDD6EC /* emparedado_ios.ppn */; };
		1E1A67E926C43D8000EDD6EC /* framboise_ios.ppn in Resources */ = {isa = PBXBuildFile; fileRef = 1E1A67E826C43D8000EDD6EC /* framboise_ios.ppn */; };
		1E1A67EE26C43DA700EDD6EC /* rhino_params_de.pv in Resources */ = {isa = PBXBuildFile; fileRef = 1E1A67EB26C43DA700EDD6EC /* rhino_params_de.pv */; };
		1E1A67EF26C43DA700EDD6EC /* rhino_params_es.pv in Resources */ = {isa = PBXBuildFile; fileRef = 1E1A67EC26C43DA700EDD6EC /* rhino_params_es.pv */; };
		1E1A67F026C43DA700EDD6EC /* rhino_params_fr.pv in Resources */ = {isa = PBXBuildFile; fileRef = 1E1A67ED26C43DA700EDD6EC /* rhino_params_fr.pv */; };
		1E1A67F526C43DC300EDD6EC /* porcupine_params_fr.pv in Resources */ = {isa = PBXBuildFile; fileRef = 1E1A67F226C43DC300EDD6EC /* porcupine_params_fr.pv */; };
		1E1A67F626C43DC300EDD6EC /* porcupine_params_es.pv in Resources */ = {isa = PBXBuildFile; fileRef = 1E1A67F326C43DC300EDD6EC /* porcupine_params_es.pv */; };
		1E1A67F726C43DC300EDD6EC /* porcupine_params_de.pv in Resources */ = {isa = PBXBuildFile; fileRef = 1E1A67F426C43DC300EDD6EC /* porcupine_params_de.pv */; };
		1E1A67FB26C43FFB00EDD6EC /* alexa_linux.ppn in Resources */ = {isa = PBXBuildFile; fileRef = 1E1A67FA26C43FFB00EDD6EC /* alexa_linux.ppn */; };
		25C78D0516C174D840308756 /* libPods-PicovoiceForegroundAppDemoUITests.a in Frameworks */ = {isa = PBXBuildFile; fileRef = 51440C34BE7D52D58A266CCA /* libPods-PicovoiceForegroundAppDemoUITests.a */; };
		912216181D5264F91B289465 /* libPods-PicovoiceForegroundAppDemo.a in Frameworks */ = {isa = PBXBuildFile; fileRef = 2F8A4013300AFAB1C6A4B552 /* libPods-PicovoiceForegroundAppDemo.a */; };
/* End PBXBuildFile section */

/* Begin PBXContainerItemProxy section */
		1E1A67C226C4388300EDD6EC /* PBXContainerItemProxy */ = {
			isa = PBXContainerItemProxy;
			containerPortal = 1760DF21253A175000395344 /* Project object */;
			proxyType = 1;
			remoteGlobalIDString = 1760DF28253A175000395344;
			remoteInfo = PicovoiceForegroundAppDemo;
		};
/* End PBXContainerItemProxy section */

/* Begin PBXCopyFilesBuildPhase section */
		02A416A625CE026600082745 /* Embed Frameworks */ = {
			isa = PBXCopyFilesBuildPhase;
			buildActionMask = 2147483647;
			dstPath = "";
			dstSubfolderSpec = 10;
			files = (
			);
			name = "Embed Frameworks";
			runOnlyForDeploymentPostprocessing = 0;
		};
/* End PBXCopyFilesBuildPhase section */

/* Begin PBXFileReference section */
		1760DF29253A175000395344 /* PicovoiceForegroundAppDemo.app */ = {isa = PBXFileReference; explicitFileType = wrapper.application; includeInIndex = 0; path = PicovoiceForegroundAppDemo.app; sourceTree = BUILT_PRODUCTS_DIR; };
		1760DF2C253A175000395344 /* PicovoiceForegroundAppDemo.swift */ = {isa = PBXFileReference; lastKnownFileType = sourcecode.swift; path = PicovoiceForegroundAppDemo.swift; sourceTree = "<group>"; };
		1760DF2E253A175000395344 /* ContentView.swift */ = {isa = PBXFileReference; lastKnownFileType = sourcecode.swift; path = ContentView.swift; sourceTree = "<group>"; };
		1760DF30253A175500395344 /* Assets.xcassets */ = {isa = PBXFileReference; lastKnownFileType = folder.assetcatalog; path = Assets.xcassets; sourceTree = "<group>"; };
		1760DF33253A175500395344 /* Preview Assets.xcassets */ = {isa = PBXFileReference; lastKnownFileType = folder.assetcatalog; path = "Preview Assets.xcassets"; sourceTree = "<group>"; };
		1760DF35253A175500395344 /* Info.plist */ = {isa = PBXFileReference; lastKnownFileType = text.plist.xml; path = Info.plist; sourceTree = "<group>"; };
		1760DF57253A442A00395344 /* smart_lighting_ios.rhn */ = {isa = PBXFileReference; lastKnownFileType = file; name = smart_lighting_ios.rhn; path = ../../../../resources/rhino/resources/contexts/ios/smart_lighting_ios.rhn; sourceTree = "<group>"; };
		1E1A67BD26C4388300EDD6EC /* PicovoiceForegroundAppDemoUITests.xctest */ = {isa = PBXFileReference; explicitFileType = wrapper.cfbundle; includeInIndex = 0; path = PicovoiceForegroundAppDemoUITests.xctest; sourceTree = BUILT_PRODUCTS_DIR; };
		1E1A67BF26C4388300EDD6EC /* PicovoiceForegroundAppDemoUITests.swift */ = {isa = PBXFileReference; lastKnownFileType = sourcecode.swift; path = PicovoiceForegroundAppDemoUITests.swift; sourceTree = "<group>"; };
		1E1A67C126C4388300EDD6EC /* Info.plist */ = {isa = PBXFileReference; lastKnownFileType = text.plist.xml; path = Info.plist; sourceTree = "<group>"; };
		1E1A67CC26C4397400EDD6EC /* picovoice-coffee.wav */ = {isa = PBXFileReference; lastKnownFileType = audio.wav; name = "picovoice-coffee.wav"; path = "../../../../resources/audio_samples/picovoice-coffee.wav"; sourceTree = "<group>"; };
		1E1A67D326C43C7A00EDD6EC /* test_fr_ios.rhn */ = {isa = PBXFileReference; lastKnownFileType = file; name = test_fr_ios.rhn; path = ../../../../resources/rhino/demo/ios/RhinoDemoUITests/test_fr_ios.rhn; sourceTree = "<group>"; };
		1E1A67D526C43C8A00EDD6EC /* test_es_ios.rhn */ = {isa = PBXFileReference; lastKnownFileType = file; name = test_es_ios.rhn; path = ../../../../resources/rhino/demo/ios/RhinoDemoUITests/test_es_ios.rhn; sourceTree = "<group>"; };
		1E1A67D726C43C9900EDD6EC /* test_de_ios.rhn */ = {isa = PBXFileReference; fileEncoding = 4; lastKnownFileType = text; name = test_de_ios.rhn; path = ../../../../resources/rhino/demo/ios/RhinoDemoUITests/test_de_ios.rhn; sourceTree = "<group>"; };
		1E1A67D926C43CBA00EDD6EC /* coffee_maker_linux.rhn */ = {isa = PBXFileReference; lastKnownFileType = file; name = coffee_maker_linux.rhn; path = ../../../../resources/rhino/resources/contexts/linux/coffee_maker_linux.rhn; sourceTree = "<group>"; };
		1E1A67DB26C43CCD00EDD6EC /* coffee_maker_ios.rhn */ = {isa = PBXFileReference; lastKnownFileType = file; name = coffee_maker_ios.rhn; path = ../../../../resources/rhino/resources/contexts/ios/coffee_maker_ios.rhn; sourceTree = "<group>"; };
		1E1A67E226C43CFB00EDD6EC /* ananas_ios.ppn */ = {isa = PBXFileReference; lastKnownFileType = file; name = ananas_ios.ppn; path = ../../../../resources/porcupine/resources/keyword_files_de/ios/ananas_ios.ppn; sourceTree = "<group>"; };
		1E1A67E626C43D6900EDD6EC /* emparedado_ios.ppn */ = {isa = PBXFileReference; lastKnownFileType = file; name = emparedado_ios.ppn; path = ../../../../resources/porcupine/resources/keyword_files_es/ios/emparedado_ios.ppn; sourceTree = "<group>"; };
		1E1A67E826C43D8000EDD6EC /* framboise_ios.ppn */ = {isa = PBXFileReference; lastKnownFileType = file; name = framboise_ios.ppn; path = ../../../../resources/porcupine/resources/keyword_files_fr/ios/framboise_ios.ppn; sourceTree = "<group>"; };
		1E1A67EB26C43DA700EDD6EC /* rhino_params_de.pv */ = {isa = PBXFileReference; lastKnownFileType = file; name = rhino_params_de.pv; path = ../../../../resources/rhino/lib/common/rhino_params_de.pv; sourceTree = "<group>"; };
		1E1A67EC26C43DA700EDD6EC /* rhino_params_es.pv */ = {isa = PBXFileReference; lastKnownFileType = file; name = rhino_params_es.pv; path = ../../../../resources/rhino/lib/common/rhino_params_es.pv; sourceTree = "<group>"; };
		1E1A67ED26C43DA700EDD6EC /* rhino_params_fr.pv */ = {isa = PBXFileReference; lastKnownFileType = file; name = rhino_params_fr.pv; path = ../../../../resources/rhino/lib/common/rhino_params_fr.pv; sourceTree = "<group>"; };
		1E1A67F226C43DC300EDD6EC /* porcupine_params_fr.pv */ = {isa = PBXFileReference; lastKnownFileType = file; name = porcupine_params_fr.pv; path = ../../../../resources/porcupine/lib/common/porcupine_params_fr.pv; sourceTree = "<group>"; };
		1E1A67F326C43DC300EDD6EC /* porcupine_params_es.pv */ = {isa = PBXFileReference; lastKnownFileType = file; name = porcupine_params_es.pv; path = ../../../../resources/porcupine/lib/common/porcupine_params_es.pv; sourceTree = "<group>"; };
		1E1A67F426C43DC300EDD6EC /* porcupine_params_de.pv */ = {isa = PBXFileReference; lastKnownFileType = file; name = porcupine_params_de.pv; path = ../../../../resources/porcupine/lib/common/porcupine_params_de.pv; sourceTree = "<group>"; };
		1E1A67FA26C43FFB00EDD6EC /* alexa_linux.ppn */ = {isa = PBXFileReference; lastKnownFileType = file; name = alexa_linux.ppn; path = ../../../../resources/porcupine/resources/keyword_files/linux/alexa_linux.ppn; sourceTree = "<group>"; };
		225F59ED6B6CC51898C796E9 /* Pods-PicovoiceDemoUITests.debug.xcconfig */ = {isa = PBXFileReference; includeInIndex = 1; lastKnownFileType = text.xcconfig; name = "Pods-PicovoiceDemoUITests.debug.xcconfig"; path = "Target Support Files/Pods-PicovoiceDemoUITests/Pods-PicovoiceDemoUITests.debug.xcconfig"; sourceTree = "<group>"; };
		2F8A4013300AFAB1C6A4B552 /* libPods-PicovoiceForegroundAppDemo.a */ = {isa = PBXFileReference; explicitFileType = archive.ar; includeInIndex = 0; path = "libPods-PicovoiceForegroundAppDemo.a"; sourceTree = BUILT_PRODUCTS_DIR; };
		4AFC1C0D20FF305743767BCE /* Pods-PicovoiceForegroundAppDemoUITests.release.xcconfig */ = {isa = PBXFileReference; includeInIndex = 1; lastKnownFileType = text.xcconfig; name = "Pods-PicovoiceForegroundAppDemoUITests.release.xcconfig"; path = "Target Support Files/Pods-PicovoiceForegroundAppDemoUITests/Pods-PicovoiceForegroundAppDemoUITests.release.xcconfig"; sourceTree = "<group>"; };
		51440C34BE7D52D58A266CCA /* libPods-PicovoiceForegroundAppDemoUITests.a */ = {isa = PBXFileReference; explicitFileType = archive.ar; includeInIndex = 0; path = "libPods-PicovoiceForegroundAppDemoUITests.a"; sourceTree = BUILT_PRODUCTS_DIR; };
		6061021C5897072E8282488F /* Pods-PicovoiceForegroundAppDemo.debug.xcconfig */ = {isa = PBXFileReference; includeInIndex = 1; lastKnownFileType = text.xcconfig; name = "Pods-PicovoiceForegroundAppDemo.debug.xcconfig"; path = "Target Support Files/Pods-PicovoiceForegroundAppDemo/Pods-PicovoiceForegroundAppDemo.debug.xcconfig"; sourceTree = "<group>"; };
		9A134CD3B9B44415F2D732A3 /* Pods-PicovoiceForegroundAppDemoUITests.debug.xcconfig */ = {isa = PBXFileReference; includeInIndex = 1; lastKnownFileType = text.xcconfig; name = "Pods-PicovoiceForegroundAppDemoUITests.debug.xcconfig"; path = "Target Support Files/Pods-PicovoiceForegroundAppDemoUITests/Pods-PicovoiceForegroundAppDemoUITests.debug.xcconfig"; sourceTree = "<group>"; };
		D2AF6C42DC1F39FC33A02E0E /* Pods-PicovoiceDemo.release.xcconfig */ = {isa = PBXFileReference; includeInIndex = 1; lastKnownFileType = text.xcconfig; name = "Pods-PicovoiceDemo.release.xcconfig"; path = "Target Support Files/Pods-PicovoiceDemo/Pods-PicovoiceDemo.release.xcconfig"; sourceTree = "<group>"; };
		EE4845B1B7FC724401644CAE /* Pods-PicovoiceForegroundAppDemo.release.xcconfig */ = {isa = PBXFileReference; includeInIndex = 1; lastKnownFileType = text.xcconfig; name = "Pods-PicovoiceForegroundAppDemo.release.xcconfig"; path = "Target Support Files/Pods-PicovoiceForegroundAppDemo/Pods-PicovoiceForegroundAppDemo.release.xcconfig"; sourceTree = "<group>"; };
		F4F982E390BCDA86F185C25B /* Pods-PicovoiceDemo.debug.xcconfig */ = {isa = PBXFileReference; includeInIndex = 1; lastKnownFileType = text.xcconfig; name = "Pods-PicovoiceDemo.debug.xcconfig"; path = "Target Support Files/Pods-PicovoiceDemo/Pods-PicovoiceDemo.debug.xcconfig"; sourceTree = "<group>"; };
		FD7228C1115ED50A1C5870A9 /* Pods-PicovoiceDemoUITests.release.xcconfig */ = {isa = PBXFileReference; includeInIndex = 1; lastKnownFileType = text.xcconfig; name = "Pods-PicovoiceDemoUITests.release.xcconfig"; path = "Target Support Files/Pods-PicovoiceDemoUITests/Pods-PicovoiceDemoUITests.release.xcconfig"; sourceTree = "<group>"; };
/* End PBXFileReference section */

/* Begin PBXFrameworksBuildPhase section */
		1760DF26253A175000395344 /* Frameworks */ = {
			isa = PBXFrameworksBuildPhase;
			buildActionMask = 2147483647;
			files = (
				912216181D5264F91B289465 /* libPods-PicovoiceForegroundAppDemo.a in Frameworks */,
			);
			runOnlyForDeploymentPostprocessing = 0;
		};
		1E1A67BA26C4388300EDD6EC /* Frameworks */ = {
			isa = PBXFrameworksBuildPhase;
			buildActionMask = 2147483647;
			files = (
				25C78D0516C174D840308756 /* libPods-PicovoiceForegroundAppDemoUITests.a in Frameworks */,
			);
			runOnlyForDeploymentPostprocessing = 0;
		};
/* End PBXFrameworksBuildPhase section */

/* Begin PBXGroup section */
		1760DF20253A175000395344 = {
			isa = PBXGroup;
			children = (
				1760DF2B253A175000395344 /* PicovoiceForegroundAppDemo */,
				1E1A67BE26C4388300EDD6EC /* PicovoiceForegroundAppDemoUITests */,
				1760DF2A253A175000395344 /* Products */,
				1760DF3D253A185500395344 /* Frameworks */,
				81DF6A1A45C53858F171B57E /* Pods */,
			);
			sourceTree = "<group>";
		};
		1760DF2A253A175000395344 /* Products */ = {
			isa = PBXGroup;
			children = (
				1760DF29253A175000395344 /* PicovoiceForegroundAppDemo.app */,
				1E1A67BD26C4388300EDD6EC /* PicovoiceForegroundAppDemoUITests.xctest */,
			);
			name = Products;
			sourceTree = "<group>";
		};
		1760DF2B253A175000395344 /* PicovoiceForegroundAppDemo */ = {
			isa = PBXGroup;
			children = (
				1760DF57253A442A00395344 /* smart_lighting_ios.rhn */,
				1760DF2C253A175000395344 /* PicovoiceForegroundAppDemo.swift */,
				1760DF2E253A175000395344 /* ContentView.swift */,
				1760DF30253A175500395344 /* Assets.xcassets */,
				1760DF35253A175500395344 /* Info.plist */,
				1760DF32253A175500395344 /* Preview Content */,
			);
			path = PicovoiceForegroundAppDemo;
			sourceTree = "<group>";
		};
		1760DF32253A175500395344 /* Preview Content */ = {
			isa = PBXGroup;
			children = (
				1760DF33253A175500395344 /* Preview Assets.xcassets */,
			);
			path = "Preview Content";
			sourceTree = "<group>";
		};
		1760DF3D253A185500395344 /* Frameworks */ = {
			isa = PBXGroup;
			children = (
				2F8A4013300AFAB1C6A4B552 /* libPods-PicovoiceForegroundAppDemo.a */,
				51440C34BE7D52D58A266CCA /* libPods-PicovoiceForegroundAppDemoUITests.a */,
			);
			name = Frameworks;
			sourceTree = "<group>";
		};
		1E1A67BE26C4388300EDD6EC /* PicovoiceForegroundAppDemoUITests */ = {
			isa = PBXGroup;
			children = (
				1E1A67CA26C4395400EDD6EC /* test_resources */,
				1E1A67BF26C4388300EDD6EC /* PicovoiceForegroundAppDemoUITests.swift */,
				1E1A67C126C4388300EDD6EC /* Info.plist */,
			);
			path = PicovoiceForegroundAppDemoUITests;
			sourceTree = "<group>";
		};
		1E1A67CA26C4395400EDD6EC /* test_resources */ = {
			isa = PBXGroup;
			children = (
				1E1A67F126C43DAC00EDD6EC /* porcupine_model_files */,
				1E1A67EA26C43D8400EDD6EC /* rhino_model_files */,
				1E1A67DD26C43CD100EDD6EC /* keyword_files */,
				1E1A67CE26C43C2900EDD6EC /* context_files */,
				1E1A67CB26C4395C00EDD6EC /* audio_samples */,
			);
			name = test_resources;
			sourceTree = "<group>";
		};
		1E1A67CB26C4395C00EDD6EC /* audio_samples */ = {
			isa = PBXGroup;
			children = (
				1E1A67CC26C4397400EDD6EC /* picovoice-coffee.wav */,
			);
			name = audio_samples;
			sourceTree = "<group>";
		};
		1E1A67CE26C43C2900EDD6EC /* context_files */ = {
			isa = PBXGroup;
			children = (
				1E1A67D226C43C4800EDD6EC /* en */,
				1E1A67D126C43C4300EDD6EC /* de */,
				1E1A67D026C43C3C00EDD6EC /* es */,
				1E1A67CF26C43C3900EDD6EC /* fr */,
			);
			name = context_files;
			sourceTree = "<group>";
		};
		1E1A67CF26C43C3900EDD6EC /* fr */ = {
			isa = PBXGroup;
			children = (
				1E1A67D326C43C7A00EDD6EC /* test_fr_ios.rhn */,
			);
			name = fr;
			sourceTree = "<group>";
		};
		1E1A67D026C43C3C00EDD6EC /* es */ = {
			isa = PBXGroup;
			children = (
				1E1A67D526C43C8A00EDD6EC /* test_es_ios.rhn */,
			);
			name = es;
			sourceTree = "<group>";
		};
		1E1A67D126C43C4300EDD6EC /* de */ = {
			isa = PBXGroup;
			children = (
				1E1A67D726C43C9900EDD6EC /* test_de_ios.rhn */,
			);
			name = de;
			sourceTree = "<group>";
		};
		1E1A67D226C43C4800EDD6EC /* en */ = {
			isa = PBXGroup;
			children = (
				1E1A67DB26C43CCD00EDD6EC /* coffee_maker_ios.rhn */,
				1E1A67D926C43CBA00EDD6EC /* coffee_maker_linux.rhn */,
			);
			name = en;
			sourceTree = "<group>";
		};
		1E1A67DD26C43CD100EDD6EC /* keyword_files */ = {
			isa = PBXGroup;
			children = (
				1E1A67E126C43CE900EDD6EC /* fr */,
				1E1A67E026C43CE600EDD6EC /* es */,
				1E1A67DF26C43CE100EDD6EC /* en */,
				1E1A67DE26C43CDB00EDD6EC /* de */,
			);
			name = keyword_files;
			sourceTree = "<group>";
		};
		1E1A67DE26C43CDB00EDD6EC /* de */ = {
			isa = PBXGroup;
			children = (
				1E1A67E226C43CFB00EDD6EC /* ananas_ios.ppn */,
			);
			name = de;
			sourceTree = "<group>";
		};
		1E1A67DF26C43CE100EDD6EC /* en */ = {
			isa = PBXGroup;
			children = (
				1E1A67FA26C43FFB00EDD6EC /* alexa_linux.ppn */,
			);
			name = en;
			sourceTree = "<group>";
		};
		1E1A67E026C43CE600EDD6EC /* es */ = {
			isa = PBXGroup;
			children = (
				1E1A67E626C43D6900EDD6EC /* emparedado_ios.ppn */,
			);
			name = es;
			sourceTree = "<group>";
		};
		1E1A67E126C43CE900EDD6EC /* fr */ = {
			isa = PBXGroup;
			children = (
				1E1A67E826C43D8000EDD6EC /* framboise_ios.ppn */,
			);
			name = fr;
			sourceTree = "<group>";
		};
		1E1A67EA26C43D8400EDD6EC /* rhino_model_files */ = {
			isa = PBXGroup;
			children = (
				1E1A67EB26C43DA700EDD6EC /* rhino_params_de.pv */,
				1E1A67EC26C43DA700EDD6EC /* rhino_params_es.pv */,
				1E1A67ED26C43DA700EDD6EC /* rhino_params_fr.pv */,
			);
			name = rhino_model_files;
			sourceTree = "<group>";
		};
		1E1A67F126C43DAC00EDD6EC /* porcupine_model_files */ = {
			isa = PBXGroup;
			children = (
				1E1A67F426C43DC300EDD6EC /* porcupine_params_de.pv */,
				1E1A67F326C43DC300EDD6EC /* porcupine_params_es.pv */,
				1E1A67F226C43DC300EDD6EC /* porcupine_params_fr.pv */,
			);
			name = porcupine_model_files;
			sourceTree = "<group>";
		};
		81DF6A1A45C53858F171B57E /* Pods */ = {
			isa = PBXGroup;
			children = (
				F4F982E390BCDA86F185C25B /* Pods-PicovoiceDemo.debug.xcconfig */,
				D2AF6C42DC1F39FC33A02E0E /* Pods-PicovoiceDemo.release.xcconfig */,
				225F59ED6B6CC51898C796E9 /* Pods-PicovoiceDemoUITests.debug.xcconfig */,
				FD7228C1115ED50A1C5870A9 /* Pods-PicovoiceDemoUITests.release.xcconfig */,
				6061021C5897072E8282488F /* Pods-PicovoiceForegroundAppDemo.debug.xcconfig */,
				EE4845B1B7FC724401644CAE /* Pods-PicovoiceForegroundAppDemo.release.xcconfig */,
				9A134CD3B9B44415F2D732A3 /* Pods-PicovoiceForegroundAppDemoUITests.debug.xcconfig */,
				4AFC1C0D20FF305743767BCE /* Pods-PicovoiceForegroundAppDemoUITests.release.xcconfig */,
			);
			path = Pods;
			sourceTree = "<group>";
		};
/* End PBXGroup section */

/* Begin PBXNativeTarget section */
		1760DF28253A175000395344 /* PicovoiceForegroundAppDemo */ = {
			isa = PBXNativeTarget;
			buildConfigurationList = 1760DF38253A175500395344 /* Build configuration list for PBXNativeTarget "PicovoiceForegroundAppDemo" */;
			buildPhases = (
				8DF763C86EDD324B17A8B7C3 /* [CP] Check Pods Manifest.lock */,
				1760DF25253A175000395344 /* Sources */,
				1760DF26253A175000395344 /* Frameworks */,
				1760DF27253A175000395344 /* Resources */,
				02A416A625CE026600082745 /* Embed Frameworks */,
				FFF41E1237AE54C2CD90B29F /* [CP] Embed Pods Frameworks */,
				688BC2131136F7EE3C2138C3 /* [CP] Copy Pods Resources */,
			);
			buildRules = (
			);
			dependencies = (
			);
			name = PicovoiceForegroundAppDemo;
			productName = PicovoiceDemo;
			productReference = 1760DF29253A175000395344 /* PicovoiceForegroundAppDemo.app */;
			productType = "com.apple.product-type.application";
		};
		1E1A67BC26C4388300EDD6EC /* PicovoiceForegroundAppDemoUITests */ = {
			isa = PBXNativeTarget;
			buildConfigurationList = 1E1A67C426C4388300EDD6EC /* Build configuration list for PBXNativeTarget "PicovoiceForegroundAppDemoUITests" */;
			buildPhases = (
				20FD14EAD2D646241E9BAAC4 /* [CP] Check Pods Manifest.lock */,
				1E1A67B926C4388300EDD6EC /* Sources */,
				1E1A67BA26C4388300EDD6EC /* Frameworks */,
				1E1A67BB26C4388300EDD6EC /* Resources */,
				B66995281F774E197D1A613E /* [CP] Embed Pods Frameworks */,
				432E53DC9B3DE5152BBA7805 /* [CP] Copy Pods Resources */,
			);
			buildRules = (
			);
			dependencies = (
				1E1A67C326C4388300EDD6EC /* PBXTargetDependency */,
			);
			name = PicovoiceForegroundAppDemoUITests;
			productName = PicovoiceForegroundAppDemoUITests;
			productReference = 1E1A67BD26C4388300EDD6EC /* PicovoiceForegroundAppDemoUITests.xctest */;
			productType = "com.apple.product-type.bundle.ui-testing";
		};
/* End PBXNativeTarget section */

/* Begin PBXProject section */
		1760DF21253A175000395344 /* Project object */ = {
			isa = PBXProject;
			attributes = {
				LastSwiftUpdateCheck = 1250;
				LastUpgradeCheck = 1200;
				TargetAttributes = {
					1760DF28253A175000395344 = {
						CreatedOnToolsVersion = 12.0.1;
						ProvisioningStyle = Automatic;
					};
					1E1A67BC26C4388300EDD6EC = {
						CreatedOnToolsVersion = 12.5.1;
						ProvisioningStyle = Automatic;
						TestTargetID = 1760DF28253A175000395344;
					};
				};
			};
			buildConfigurationList = 1760DF24253A175000395344 /* Build configuration list for PBXProject "PicovoiceForegroundAppDemo" */;
			compatibilityVersion = "Xcode 8.0";
			developmentRegion = en;
			hasScannedForEncodings = 0;
			knownRegions = (
				en,
				Base,
			);
			mainGroup = 1760DF20253A175000395344;
			productRefGroup = 1760DF2A253A175000395344 /* Products */;
			projectDirPath = "";
			projectRoot = "";
			targets = (
				1760DF28253A175000395344 /* PicovoiceForegroundAppDemo */,
				1E1A67BC26C4388300EDD6EC /* PicovoiceForegroundAppDemoUITests */,
			);
		};
/* End PBXProject section */

/* Begin PBXResourcesBuildPhase section */
		1760DF27253A175000395344 /* Resources */ = {
			isa = PBXResourcesBuildPhase;
			buildActionMask = 2147483647;
			files = (
				1760DF34253A175500395344 /* Preview Assets.xcassets in Resources */,
				1760DF58253A442A00395344 /* smart_lighting_ios.rhn in Resources */,
				1760DF31253A175500395344 /* Assets.xcassets in Resources */,
			);
			runOnlyForDeploymentPostprocessing = 0;
		};
		1E1A67BB26C4388300EDD6EC /* Resources */ = {
			isa = PBXResourcesBuildPhase;
			buildActionMask = 2147483647;
			files = (
				1E1A67E726C43D6900EDD6EC /* emparedado_ios.ppn in Resources */,
				1E1A67D426C43C7A00EDD6EC /* test_fr_ios.rhn in Resources */,
				1E1A67DA26C43CBA00EDD6EC /* coffee_maker_linux.rhn in Resources */,
				1E1A67E926C43D8000EDD6EC /* framboise_ios.ppn in Resources */,
				1E1A67EF26C43DA700EDD6EC /* rhino_params_es.pv in Resources */,
				1E1A67FB26C43FFB00EDD6EC /* alexa_linux.ppn in Resources */,
				1E1A67E326C43CFB00EDD6EC /* ananas_ios.ppn in Resources */,
				1E1A67CD26C4397400EDD6EC /* picovoice-coffee.wav in Resources */,
				1E1A67DC26C43CCD00EDD6EC /* coffee_maker_ios.rhn in Resources */,
				1E1A67D626C43C8A00EDD6EC /* test_es_ios.rhn in Resources */,
				1E1A67F726C43DC300EDD6EC /* porcupine_params_de.pv in Resources */,
				1E1A67F626C43DC300EDD6EC /* porcupine_params_es.pv in Resources */,
				1E1A67EE26C43DA700EDD6EC /* rhino_params_de.pv in Resources */,
				1E1A67F526C43DC300EDD6EC /* porcupine_params_fr.pv in Resources */,
				1E1A67F026C43DA700EDD6EC /* rhino_params_fr.pv in Resources */,
				1E1A67D826C43C9900EDD6EC /* test_de_ios.rhn in Resources */,
			);
			runOnlyForDeploymentPostprocessing = 0;
		};
/* End PBXResourcesBuildPhase section */

/* Begin PBXShellScriptBuildPhase section */
		20FD14EAD2D646241E9BAAC4 /* [CP] Check Pods Manifest.lock */ = {
			isa = PBXShellScriptBuildPhase;
			buildActionMask = 2147483647;
			files = (
			);
			inputFileListPaths = (
			);
			inputPaths = (
				"${PODS_PODFILE_DIR_PATH}/Podfile.lock",
				"${PODS_ROOT}/Manifest.lock",
			);
			name = "[CP] Check Pods Manifest.lock";
			outputFileListPaths = (
			);
			outputPaths = (
				"$(DERIVED_FILE_DIR)/Pods-PicovoiceForegroundAppDemoUITests-checkManifestLockResult.txt",
			);
			runOnlyForDeploymentPostprocessing = 0;
			shellPath = /bin/sh;
			shellScript = "diff \"${PODS_PODFILE_DIR_PATH}/Podfile.lock\" \"${PODS_ROOT}/Manifest.lock\" > /dev/null\nif [ $? != 0 ] ; then\n    # print error to STDERR\n    echo \"error: The sandbox is not in sync with the Podfile.lock. Run 'pod install' or update your CocoaPods installation.\" >&2\n    exit 1\nfi\n# This output is used by Xcode 'outputs' to avoid re-running this script phase.\necho \"SUCCESS\" > \"${SCRIPT_OUTPUT_FILE_0}\"\n";
			showEnvVarsInLog = 0;
		};
		432E53DC9B3DE5152BBA7805 /* [CP] Copy Pods Resources */ = {
			isa = PBXShellScriptBuildPhase;
			buildActionMask = 2147483647;
			files = (
			);
			inputPaths = (
				"${PODS_ROOT}/Target Support Files/Pods-PicovoiceForegroundAppDemoUITests/Pods-PicovoiceForegroundAppDemoUITests-resources.sh",
				"${PODS_ROOT}/Porcupine-iOS/resources/keyword_files/ios/alexa_ios.ppn",
				"${PODS_ROOT}/Porcupine-iOS/resources/keyword_files/ios/americano_ios.ppn",
				"${PODS_ROOT}/Porcupine-iOS/resources/keyword_files/ios/blueberry_ios.ppn",
				"${PODS_ROOT}/Porcupine-iOS/resources/keyword_files/ios/bumblebee_ios.ppn",
				"${PODS_ROOT}/Porcupine-iOS/resources/keyword_files/ios/computer_ios.ppn",
				"${PODS_ROOT}/Porcupine-iOS/resources/keyword_files/ios/grapefruit_ios.ppn",
				"${PODS_ROOT}/Porcupine-iOS/resources/keyword_files/ios/grasshopper_ios.ppn",
				"${PODS_ROOT}/Porcupine-iOS/resources/keyword_files/ios/hey google_ios.ppn",
				"${PODS_ROOT}/Porcupine-iOS/resources/keyword_files/ios/hey siri_ios.ppn",
				"${PODS_ROOT}/Porcupine-iOS/resources/keyword_files/ios/jarvis_ios.ppn",
				"${PODS_ROOT}/Porcupine-iOS/resources/keyword_files/ios/ok google_ios.ppn",
				"${PODS_ROOT}/Porcupine-iOS/resources/keyword_files/ios/picovoice_ios.ppn",
				"${PODS_ROOT}/Porcupine-iOS/resources/keyword_files/ios/porcupine_ios.ppn",
				"${PODS_ROOT}/Porcupine-iOS/resources/keyword_files/ios/terminator_ios.ppn",
				"${PODS_ROOT}/Porcupine-iOS/lib/common/porcupine_params.pv",
				"${PODS_ROOT}/Rhino-iOS/lib/common/rhino_params.pv",
			);
			name = "[CP] Copy Pods Resources";
			outputPaths = (
				"${TARGET_BUILD_DIR}/${UNLOCALIZED_RESOURCES_FOLDER_PATH}/alexa_ios.ppn",
				"${TARGET_BUILD_DIR}/${UNLOCALIZED_RESOURCES_FOLDER_PATH}/americano_ios.ppn",
				"${TARGET_BUILD_DIR}/${UNLOCALIZED_RESOURCES_FOLDER_PATH}/blueberry_ios.ppn",
				"${TARGET_BUILD_DIR}/${UNLOCALIZED_RESOURCES_FOLDER_PATH}/bumblebee_ios.ppn",
				"${TARGET_BUILD_DIR}/${UNLOCALIZED_RESOURCES_FOLDER_PATH}/computer_ios.ppn",
				"${TARGET_BUILD_DIR}/${UNLOCALIZED_RESOURCES_FOLDER_PATH}/grapefruit_ios.ppn",
				"${TARGET_BUILD_DIR}/${UNLOCALIZED_RESOURCES_FOLDER_PATH}/grasshopper_ios.ppn",
				"${TARGET_BUILD_DIR}/${UNLOCALIZED_RESOURCES_FOLDER_PATH}/hey google_ios.ppn",
				"${TARGET_BUILD_DIR}/${UNLOCALIZED_RESOURCES_FOLDER_PATH}/hey siri_ios.ppn",
				"${TARGET_BUILD_DIR}/${UNLOCALIZED_RESOURCES_FOLDER_PATH}/jarvis_ios.ppn",
				"${TARGET_BUILD_DIR}/${UNLOCALIZED_RESOURCES_FOLDER_PATH}/ok google_ios.ppn",
				"${TARGET_BUILD_DIR}/${UNLOCALIZED_RESOURCES_FOLDER_PATH}/picovoice_ios.ppn",
				"${TARGET_BUILD_DIR}/${UNLOCALIZED_RESOURCES_FOLDER_PATH}/porcupine_ios.ppn",
				"${TARGET_BUILD_DIR}/${UNLOCALIZED_RESOURCES_FOLDER_PATH}/terminator_ios.ppn",
				"${TARGET_BUILD_DIR}/${UNLOCALIZED_RESOURCES_FOLDER_PATH}/porcupine_params.pv",
				"${TARGET_BUILD_DIR}/${UNLOCALIZED_RESOURCES_FOLDER_PATH}/rhino_params.pv",
			);
			runOnlyForDeploymentPostprocessing = 0;
			shellPath = /bin/sh;
			shellScript = "\"${PODS_ROOT}/Target Support Files/Pods-PicovoiceForegroundAppDemoUITests/Pods-PicovoiceForegroundAppDemoUITests-resources.sh\"\n";
			showEnvVarsInLog = 0;
		};
		688BC2131136F7EE3C2138C3 /* [CP] Copy Pods Resources */ = {
			isa = PBXShellScriptBuildPhase;
			buildActionMask = 2147483647;
			files = (
			);
			inputPaths = (
				"${PODS_ROOT}/Target Support Files/Pods-PicovoiceForegroundAppDemo/Pods-PicovoiceForegroundAppDemo-resources.sh",
				"${PODS_ROOT}/Porcupine-iOS/resources/keyword_files/ios/alexa_ios.ppn",
				"${PODS_ROOT}/Porcupine-iOS/resources/keyword_files/ios/americano_ios.ppn",
				"${PODS_ROOT}/Porcupine-iOS/resources/keyword_files/ios/blueberry_ios.ppn",
				"${PODS_ROOT}/Porcupine-iOS/resources/keyword_files/ios/bumblebee_ios.ppn",
				"${PODS_ROOT}/Porcupine-iOS/resources/keyword_files/ios/computer_ios.ppn",
				"${PODS_ROOT}/Porcupine-iOS/resources/keyword_files/ios/grapefruit_ios.ppn",
				"${PODS_ROOT}/Porcupine-iOS/resources/keyword_files/ios/grasshopper_ios.ppn",
				"${PODS_ROOT}/Porcupine-iOS/resources/keyword_files/ios/hey google_ios.ppn",
				"${PODS_ROOT}/Porcupine-iOS/resources/keyword_files/ios/hey siri_ios.ppn",
				"${PODS_ROOT}/Porcupine-iOS/resources/keyword_files/ios/jarvis_ios.ppn",
				"${PODS_ROOT}/Porcupine-iOS/resources/keyword_files/ios/ok google_ios.ppn",
				"${PODS_ROOT}/Porcupine-iOS/resources/keyword_files/ios/picovoice_ios.ppn",
				"${PODS_ROOT}/Porcupine-iOS/resources/keyword_files/ios/porcupine_ios.ppn",
				"${PODS_ROOT}/Porcupine-iOS/resources/keyword_files/ios/terminator_ios.ppn",
				"${PODS_ROOT}/Porcupine-iOS/lib/common/porcupine_params.pv",
				"${PODS_ROOT}/Rhino-iOS/lib/common/rhino_params.pv",
			);
			name = "[CP] Copy Pods Resources";
			outputPaths = (
				"${TARGET_BUILD_DIR}/${UNLOCALIZED_RESOURCES_FOLDER_PATH}/alexa_ios.ppn",
				"${TARGET_BUILD_DIR}/${UNLOCALIZED_RESOURCES_FOLDER_PATH}/americano_ios.ppn",
				"${TARGET_BUILD_DIR}/${UNLOCALIZED_RESOURCES_FOLDER_PATH}/blueberry_ios.ppn",
				"${TARGET_BUILD_DIR}/${UNLOCALIZED_RESOURCES_FOLDER_PATH}/bumblebee_ios.ppn",
				"${TARGET_BUILD_DIR}/${UNLOCALIZED_RESOURCES_FOLDER_PATH}/computer_ios.ppn",
				"${TARGET_BUILD_DIR}/${UNLOCALIZED_RESOURCES_FOLDER_PATH}/grapefruit_ios.ppn",
				"${TARGET_BUILD_DIR}/${UNLOCALIZED_RESOURCES_FOLDER_PATH}/grasshopper_ios.ppn",
				"${TARGET_BUILD_DIR}/${UNLOCALIZED_RESOURCES_FOLDER_PATH}/hey google_ios.ppn",
				"${TARGET_BUILD_DIR}/${UNLOCALIZED_RESOURCES_FOLDER_PATH}/hey siri_ios.ppn",
				"${TARGET_BUILD_DIR}/${UNLOCALIZED_RESOURCES_FOLDER_PATH}/jarvis_ios.ppn",
				"${TARGET_BUILD_DIR}/${UNLOCALIZED_RESOURCES_FOLDER_PATH}/ok google_ios.ppn",
				"${TARGET_BUILD_DIR}/${UNLOCALIZED_RESOURCES_FOLDER_PATH}/picovoice_ios.ppn",
				"${TARGET_BUILD_DIR}/${UNLOCALIZED_RESOURCES_FOLDER_PATH}/porcupine_ios.ppn",
				"${TARGET_BUILD_DIR}/${UNLOCALIZED_RESOURCES_FOLDER_PATH}/terminator_ios.ppn",
				"${TARGET_BUILD_DIR}/${UNLOCALIZED_RESOURCES_FOLDER_PATH}/porcupine_params.pv",
				"${TARGET_BUILD_DIR}/${UNLOCALIZED_RESOURCES_FOLDER_PATH}/rhino_params.pv",
			);
			runOnlyForDeploymentPostprocessing = 0;
			shellPath = /bin/sh;
			shellScript = "\"${PODS_ROOT}/Target Support Files/Pods-PicovoiceForegroundAppDemo/Pods-PicovoiceForegroundAppDemo-resources.sh\"\n";
			showEnvVarsInLog = 0;
		};
		8DF763C86EDD324B17A8B7C3 /* [CP] Check Pods Manifest.lock */ = {
			isa = PBXShellScriptBuildPhase;
			buildActionMask = 2147483647;
			files = (
			);
			inputFileListPaths = (
			);
			inputPaths = (
				"${PODS_PODFILE_DIR_PATH}/Podfile.lock",
				"${PODS_ROOT}/Manifest.lock",
			);
			name = "[CP] Check Pods Manifest.lock";
			outputFileListPaths = (
			);
			outputPaths = (
				"$(DERIVED_FILE_DIR)/Pods-PicovoiceForegroundAppDemo-checkManifestLockResult.txt",
			);
			runOnlyForDeploymentPostprocessing = 0;
			shellPath = /bin/sh;
			shellScript = "diff \"${PODS_PODFILE_DIR_PATH}/Podfile.lock\" \"${PODS_ROOT}/Manifest.lock\" > /dev/null\nif [ $? != 0 ] ; then\n    # print error to STDERR\n    echo \"error: The sandbox is not in sync with the Podfile.lock. Run 'pod install' or update your CocoaPods installation.\" >&2\n    exit 1\nfi\n# This output is used by Xcode 'outputs' to avoid re-running this script phase.\necho \"SUCCESS\" > \"${SCRIPT_OUTPUT_FILE_0}\"\n";
			showEnvVarsInLog = 0;
		};
		B66995281F774E197D1A613E /* [CP] Embed Pods Frameworks */ = {
			isa = PBXShellScriptBuildPhase;
			buildActionMask = 2147483647;
			files = (
			);
			inputPaths = (
				"${PODS_ROOT}/Target Support Files/Pods-PicovoiceForegroundAppDemoUITests/Pods-PicovoiceForegroundAppDemoUITests-frameworks.sh",
				"${PODS_XCFRAMEWORKS_BUILD_DIR}/Porcupine-iOS/PvPorcupine.framework/PvPorcupine",
				"${PODS_XCFRAMEWORKS_BUILD_DIR}/Rhino-iOS/PvRhino.framework/PvRhino",
			);
			name = "[CP] Embed Pods Frameworks";
			outputPaths = (
				"${TARGET_BUILD_DIR}/${FRAMEWORKS_FOLDER_PATH}/PvPorcupine.framework",
				"${TARGET_BUILD_DIR}/${FRAMEWORKS_FOLDER_PATH}/PvRhino.framework",
			);
			runOnlyForDeploymentPostprocessing = 0;
			shellPath = /bin/sh;
			shellScript = "\"${PODS_ROOT}/Target Support Files/Pods-PicovoiceForegroundAppDemoUITests/Pods-PicovoiceForegroundAppDemoUITests-frameworks.sh\"\n";
			showEnvVarsInLog = 0;
		};
		FFF41E1237AE54C2CD90B29F /* [CP] Embed Pods Frameworks */ = {
			isa = PBXShellScriptBuildPhase;
			buildActionMask = 2147483647;
			files = (
			);
			inputPaths = (
				"${PODS_ROOT}/Target Support Files/Pods-PicovoiceForegroundAppDemo/Pods-PicovoiceForegroundAppDemo-frameworks.sh",
				"${PODS_XCFRAMEWORKS_BUILD_DIR}/Porcupine-iOS/PvPorcupine.framework/PvPorcupine",
				"${PODS_XCFRAMEWORKS_BUILD_DIR}/Rhino-iOS/PvRhino.framework/PvRhino",
			);
			name = "[CP] Embed Pods Frameworks";
			outputPaths = (
				"${TARGET_BUILD_DIR}/${FRAMEWORKS_FOLDER_PATH}/PvPorcupine.framework",
				"${TARGET_BUILD_DIR}/${FRAMEWORKS_FOLDER_PATH}/PvRhino.framework",
			);
			runOnlyForDeploymentPostprocessing = 0;
			shellPath = /bin/sh;
			shellScript = "\"${PODS_ROOT}/Target Support Files/Pods-PicovoiceForegroundAppDemo/Pods-PicovoiceForegroundAppDemo-frameworks.sh\"\n";
			showEnvVarsInLog = 0;
		};
/* End PBXShellScriptBuildPhase section */

/* Begin PBXSourcesBuildPhase section */
		1760DF25253A175000395344 /* Sources */ = {
			isa = PBXSourcesBuildPhase;
			buildActionMask = 2147483647;
			files = (
				1760DF2F253A175000395344 /* ContentView.swift in Sources */,
				1760DF2D253A175000395344 /* PicovoiceForegroundAppDemo.swift in Sources */,
			);
			runOnlyForDeploymentPostprocessing = 0;
		};
		1E1A67B926C4388300EDD6EC /* Sources */ = {
			isa = PBXSourcesBuildPhase;
			buildActionMask = 2147483647;
			files = (
				1E1A67C026C4388300EDD6EC /* PicovoiceForegroundAppDemoUITests.swift in Sources */,
			);
			runOnlyForDeploymentPostprocessing = 0;
		};
/* End PBXSourcesBuildPhase section */

/* Begin PBXTargetDependency section */
		1E1A67C326C4388300EDD6EC /* PBXTargetDependency */ = {
			isa = PBXTargetDependency;
			target = 1760DF28253A175000395344 /* PicovoiceForegroundAppDemo */;
			targetProxy = 1E1A67C226C4388300EDD6EC /* PBXContainerItemProxy */;
		};
/* End PBXTargetDependency section */

/* Begin XCBuildConfiguration section */
		1760DF36253A175500395344 /* Debug */ = {
			isa = XCBuildConfiguration;
			buildSettings = {
				ALWAYS_SEARCH_USER_PATHS = NO;
				CLANG_ANALYZER_NONNULL = YES;
				CLANG_ANALYZER_NUMBER_OBJECT_CONVERSION = YES_AGGRESSIVE;
				CLANG_CXX_LANGUAGE_STANDARD = "gnu++14";
				CLANG_CXX_LIBRARY = "libc++";
				CLANG_ENABLE_MODULES = YES;
				CLANG_ENABLE_OBJC_ARC = YES;
				CLANG_ENABLE_OBJC_WEAK = YES;
				CLANG_WARN_BLOCK_CAPTURE_AUTORELEASING = YES;
				CLANG_WARN_BOOL_CONVERSION = YES;
				CLANG_WARN_COMMA = YES;
				CLANG_WARN_CONSTANT_CONVERSION = YES;
				CLANG_WARN_DEPRECATED_OBJC_IMPLEMENTATIONS = YES;
				CLANG_WARN_DIRECT_OBJC_ISA_USAGE = YES_ERROR;
				CLANG_WARN_DOCUMENTATION_COMMENTS = YES;
				CLANG_WARN_EMPTY_BODY = YES;
				CLANG_WARN_ENUM_CONVERSION = YES;
				CLANG_WARN_INFINITE_RECURSION = YES;
				CLANG_WARN_INT_CONVERSION = YES;
				CLANG_WARN_NON_LITERAL_NULL_CONVERSION = YES;
				CLANG_WARN_OBJC_IMPLICIT_RETAIN_SELF = YES;
				CLANG_WARN_OBJC_LITERAL_CONVERSION = YES;
				CLANG_WARN_OBJC_ROOT_CLASS = YES_ERROR;
				CLANG_WARN_QUOTED_INCLUDE_IN_FRAMEWORK_HEADER = YES;
				CLANG_WARN_RANGE_LOOP_ANALYSIS = YES;
				CLANG_WARN_STRICT_PROTOTYPES = YES;
				CLANG_WARN_SUSPICIOUS_MOVE = YES;
				CLANG_WARN_UNGUARDED_AVAILABILITY = YES_AGGRESSIVE;
				CLANG_WARN_UNREACHABLE_CODE = YES;
				CLANG_WARN__DUPLICATE_METHOD_MATCH = YES;
				COPY_PHASE_STRIP = NO;
				DEBUG_INFORMATION_FORMAT = dwarf;
				ENABLE_STRICT_OBJC_MSGSEND = YES;
				ENABLE_TESTABILITY = YES;
				GCC_C_LANGUAGE_STANDARD = gnu11;
				GCC_DYNAMIC_NO_PIC = NO;
				GCC_NO_COMMON_BLOCKS = YES;
				GCC_OPTIMIZATION_LEVEL = 0;
				GCC_PREPROCESSOR_DEFINITIONS = (
					"DEBUG=1",
					"$(inherited)",
				);
				GCC_WARN_64_TO_32_BIT_CONVERSION = YES;
				GCC_WARN_ABOUT_RETURN_TYPE = YES_ERROR;
				GCC_WARN_UNDECLARED_SELECTOR = YES;
				GCC_WARN_UNINITIALIZED_AUTOS = YES_AGGRESSIVE;
				GCC_WARN_UNUSED_FUNCTION = YES;
				GCC_WARN_UNUSED_VARIABLE = YES;
				IPHONEOS_DEPLOYMENT_TARGET = 9.0;
				MTL_ENABLE_DEBUG_INFO = INCLUDE_SOURCE;
				MTL_FAST_MATH = YES;
				ONLY_ACTIVE_ARCH = YES;
				SDKROOT = iphoneos;
				SWIFT_ACTIVE_COMPILATION_CONDITIONS = DEBUG;
				SWIFT_OPTIMIZATION_LEVEL = "-Onone";
			};
			name = Debug;
		};
		1760DF37253A175500395344 /* Release */ = {
			isa = XCBuildConfiguration;
			buildSettings = {
				ALWAYS_SEARCH_USER_PATHS = NO;
				CLANG_ANALYZER_NONNULL = YES;
				CLANG_ANALYZER_NUMBER_OBJECT_CONVERSION = YES_AGGRESSIVE;
				CLANG_CXX_LANGUAGE_STANDARD = "gnu++14";
				CLANG_CXX_LIBRARY = "libc++";
				CLANG_ENABLE_MODULES = YES;
				CLANG_ENABLE_OBJC_ARC = YES;
				CLANG_ENABLE_OBJC_WEAK = YES;
				CLANG_WARN_BLOCK_CAPTURE_AUTORELEASING = YES;
				CLANG_WARN_BOOL_CONVERSION = YES;
				CLANG_WARN_COMMA = YES;
				CLANG_WARN_CONSTANT_CONVERSION = YES;
				CLANG_WARN_DEPRECATED_OBJC_IMPLEMENTATIONS = YES;
				CLANG_WARN_DIRECT_OBJC_ISA_USAGE = YES_ERROR;
				CLANG_WARN_DOCUMENTATION_COMMENTS = YES;
				CLANG_WARN_EMPTY_BODY = YES;
				CLANG_WARN_ENUM_CONVERSION = YES;
				CLANG_WARN_INFINITE_RECURSION = YES;
				CLANG_WARN_INT_CONVERSION = YES;
				CLANG_WARN_NON_LITERAL_NULL_CONVERSION = YES;
				CLANG_WARN_OBJC_IMPLICIT_RETAIN_SELF = YES;
				CLANG_WARN_OBJC_LITERAL_CONVERSION = YES;
				CLANG_WARN_OBJC_ROOT_CLASS = YES_ERROR;
				CLANG_WARN_QUOTED_INCLUDE_IN_FRAMEWORK_HEADER = YES;
				CLANG_WARN_RANGE_LOOP_ANALYSIS = YES;
				CLANG_WARN_STRICT_PROTOTYPES = YES;
				CLANG_WARN_SUSPICIOUS_MOVE = YES;
				CLANG_WARN_UNGUARDED_AVAILABILITY = YES_AGGRESSIVE;
				CLANG_WARN_UNREACHABLE_CODE = YES;
				CLANG_WARN__DUPLICATE_METHOD_MATCH = YES;
				COPY_PHASE_STRIP = NO;
				DEBUG_INFORMATION_FORMAT = "dwarf-with-dsym";
				ENABLE_NS_ASSERTIONS = NO;
				ENABLE_STRICT_OBJC_MSGSEND = YES;
				GCC_C_LANGUAGE_STANDARD = gnu11;
				GCC_NO_COMMON_BLOCKS = YES;
				GCC_WARN_64_TO_32_BIT_CONVERSION = YES;
				GCC_WARN_ABOUT_RETURN_TYPE = YES_ERROR;
				GCC_WARN_UNDECLARED_SELECTOR = YES;
				GCC_WARN_UNINITIALIZED_AUTOS = YES_AGGRESSIVE;
				GCC_WARN_UNUSED_FUNCTION = YES;
				GCC_WARN_UNUSED_VARIABLE = YES;
				IPHONEOS_DEPLOYMENT_TARGET = 9.0;
				MTL_ENABLE_DEBUG_INFO = NO;
				MTL_FAST_MATH = YES;
				SDKROOT = iphoneos;
				SWIFT_OPTIMIZATION_LEVEL = "-Owholemodule";
				VALIDATE_PRODUCT = YES;
			};
			name = Release;
		};
		1760DF39253A175500395344 /* Debug */ = {
			isa = XCBuildConfiguration;
			baseConfigurationReference = 6061021C5897072E8282488F /* Pods-PicovoiceForegroundAppDemo.debug.xcconfig */;
			buildSettings = {
				ASSETCATALOG_COMPILER_APPICON_NAME = AppIcon;
				ASSETCATALOG_COMPILER_GLOBAL_ACCENT_COLOR_NAME = AccentColor;
				CODE_SIGN_STYLE = Automatic;
				DEVELOPMENT_ASSET_PATHS = "\"PicovoiceForegroundAppDemo/Preview Content\"";
				DEVELOPMENT_TEAM = 65723695GD;
				ENABLE_PREVIEWS = YES;
				INFOPLIST_FILE = "$(SRCROOT)/PicovoiceForegroundAppDemo/Info.plist";
				IPHONEOS_DEPLOYMENT_TARGET = 14.0;
				LD_RUNPATH_SEARCH_PATHS = "$(inherited) @executable_path/Frameworks";
				MODULEMAP_FILE = "";
				PRODUCT_BUNDLE_IDENTIFIER = ai.picovoice.PicovoiceForegroundAppDemo;
				PRODUCT_NAME = "$(TARGET_NAME)";
				SWIFT_VERSION = 5.0;
				TARGETED_DEVICE_FAMILY = "1,2";
				TVOS_DEPLOYMENT_TARGET = 14.5;
			};
			name = Debug;
		};
		1760DF3A253A175500395344 /* Release */ = {
			isa = XCBuildConfiguration;
			baseConfigurationReference = EE4845B1B7FC724401644CAE /* Pods-PicovoiceForegroundAppDemo.release.xcconfig */;
			buildSettings = {
				ASSETCATALOG_COMPILER_APPICON_NAME = AppIcon;
				ASSETCATALOG_COMPILER_GLOBAL_ACCENT_COLOR_NAME = AccentColor;
				CODE_SIGN_STYLE = Automatic;
				DEVELOPMENT_ASSET_PATHS = "\"PicovoiceForegroundAppDemo/Preview Content\"";
				DEVELOPMENT_TEAM = 65723695GD;
				ENABLE_PREVIEWS = YES;
				INFOPLIST_FILE = "$(SRCROOT)/PicovoiceForegroundAppDemo/Info.plist";
				IPHONEOS_DEPLOYMENT_TARGET = 14.0;
				LD_RUNPATH_SEARCH_PATHS = "$(inherited) @executable_path/Frameworks";
				MODULEMAP_FILE = "";
				PRODUCT_BUNDLE_IDENTIFIER = ai.picovoice.PicovoiceForegroundAppDemo;
				PRODUCT_NAME = "$(TARGET_NAME)";
				SWIFT_VERSION = 5.0;
				TARGETED_DEVICE_FAMILY = "1,2";
				TVOS_DEPLOYMENT_TARGET = 14.5;
			};
			name = Release;
		};
		1E1A67C526C4388300EDD6EC /* Debug */ = {
			isa = XCBuildConfiguration;
			baseConfigurationReference = 9A134CD3B9B44415F2D732A3 /* Pods-PicovoiceForegroundAppDemoUITests.debug.xcconfig */;
			buildSettings = {
				CODE_SIGN_STYLE = Automatic;
				DEVELOPMENT_TEAM = 65723695GD;
				INFOPLIST_FILE = PicovoiceForegroundAppDemoUITests/Info.plist;
				IPHONEOS_DEPLOYMENT_TARGET = 14.3;
				LD_RUNPATH_SEARCH_PATHS = "$(inherited) @executable_path/Frameworks @loader_path/Frameworks";
				PRODUCT_BUNDLE_IDENTIFIER = picovoice.PicovoiceForegroundAppDemoUITests;
				PRODUCT_NAME = "$(TARGET_NAME)";
				SWIFT_VERSION = 5.0;
				TARGETED_DEVICE_FAMILY = "1,2";
				TEST_TARGET_NAME = PicovoiceForegroundAppDemo;
			};
			name = Debug;
		};
		1E1A67C626C4388300EDD6EC /* Release */ = {
			isa = XCBuildConfiguration;
			baseConfigurationReference = 4AFC1C0D20FF305743767BCE /* Pods-PicovoiceForegroundAppDemoUITests.release.xcconfig */;
			buildSettings = {
				CODE_SIGN_STYLE = Automatic;
				DEVELOPMENT_TEAM = 65723695GD;
				INFOPLIST_FILE = PicovoiceForegroundAppDemoUITests/Info.plist;
				IPHONEOS_DEPLOYMENT_TARGET = 14.3;
				LD_RUNPATH_SEARCH_PATHS = "$(inherited) @executable_path/Frameworks @loader_path/Frameworks";
				PRODUCT_BUNDLE_IDENTIFIER = picovoice.PicovoiceForegroundAppDemoUITests;
				PRODUCT_NAME = "$(TARGET_NAME)";
				SWIFT_VERSION = 5.0;
				TARGETED_DEVICE_FAMILY = "1,2";
				TEST_TARGET_NAME = PicovoiceForegroundAppDemo;
			};
			name = Release;
		};
/* End XCBuildConfiguration section */

/* Begin XCConfigurationList section */
		1760DF24253A175000395344 /* Build configuration list for PBXProject "PicovoiceForegroundAppDemo" */ = {
			isa = XCConfigurationList;
			buildConfigurations = (
				1760DF36253A175500395344 /* Debug */,
				1760DF37253A175500395344 /* Release */,
			);
			defaultConfigurationIsVisible = 0;
			defaultConfigurationName = Release;
		};
		1760DF38253A175500395344 /* Build configuration list for PBXNativeTarget "PicovoiceForegroundAppDemo" */ = {
			isa = XCConfigurationList;
			buildConfigurations = (
				1760DF39253A175500395344 /* Debug */,
				1760DF3A253A175500395344 /* Release */,
			);
			defaultConfigurationIsVisible = 0;
			defaultConfigurationName = Release;
		};
		1E1A67C426C4388300EDD6EC /* Build configuration list for PBXNativeTarget "PicovoiceForegroundAppDemoUITests" */ = {
			isa = XCConfigurationList;
			buildConfigurations = (
				1E1A67C526C4388300EDD6EC /* Debug */,
				1E1A67C626C4388300EDD6EC /* Release */,
			);
			defaultConfigurationIsVisible = 0;
			defaultConfigurationName = Release;
		};
/* End XCConfigurationList section */
	};
	rootObject = 1760DF21253A175000395344 /* Project object */;
}
