PODS:
  - ios-voice-processor (1.0.3)
  - Picovoice-iOS (2.0.0):
    - ios-voice-processor (~> 1.0.2)
    - Porcupine-iOS (~> 2.0.0)
    - Rhino-iOS (~> 2.0.0)
  - Porcupine-iOS (2.0.0):
    - ios-voice-processor (~> 1.0.2)
  - Rhino-iOS (2.0.0):
    - ios-voice-processor (~> 1.0.2)

DEPENDENCIES:
  - Picovoice-iOS (from `https://raw.githubusercontent.com/Picovoice/picovoice/v2.0-ios-fix/sdk/ios/Picovoice-iOS.podspec`)
  - Porcupine-iOS (from `https://raw.githubusercontent.com/Picovoice/porcupine/v2.0/binding/ios/Porcupine-iOS.podspec`)
  - Rhino-iOS (from `https://raw.githubusercontent.com/Picovoice/rhino/v2.0/binding/ios/Rhino-iOS.podspec`)

SPEC REPOS:
  trunk:
    - ios-voice-processor

EXTERNAL SOURCES:
  Picovoice-iOS:
    :podspec: https://raw.githubusercontent.com/Picovoice/picovoice/v2.0-ios-fix/sdk/ios/Picovoice-iOS.podspec
  Porcupine-iOS:
    :podspec: https://raw.githubusercontent.com/Picovoice/porcupine/v2.0/binding/ios/Porcupine-iOS.podspec
  Rhino-iOS:
    :podspec: https://raw.githubusercontent.com/Picovoice/rhino/v2.0/binding/ios/Rhino-iOS.podspec

CHECKOUT OPTIONS:
  Picovoice-iOS:
    :commit: cf4d4c3bff6d86f7309a3d503c7c285c6a471331
    :git: https://github.com/Picovoice/picovoice.git
  Porcupine-iOS:
    :commit: 9e2f154f784b6669adbfc5a9f498c1f1bf2b6300
    :git: https://github.com/Picovoice/porcupine.git
  Rhino-iOS:
    :commit: 0e3759e66c6c0fcc477ef11b30bcb017c2e49430
    :git: https://github.com/Picovoice/rhino.git

SPEC CHECKSUMS:
  ios-voice-processor: 65b25a8db69ea25ffba0eeef37bae71a982f34cc
  Picovoice-iOS: 5478c3a3c21b5c8d49030f1c493911622f0a54f9
  Porcupine-iOS: fb5c644bdce95f4e32f9e547c31ba05e76ccb6db
  Rhino-iOS: 36cec1f457365e4918c97d2b68d8a08cee6d8662

PODFILE CHECKSUM: f662a03344738f0a06e79dcacac519488adca17a

COCOAPODS: 1.11.2
