PODS:
  - ios-voice-processor (1.0.3)
  - Picovoice-iOS (2.1.2):
    - ios-voice-processor (~> 1.0.2)
    - Porcupine-iOS (~> 2.1.1)
    - Rhino-iOS (~> 2.1.2)
  - Porcupine-iOS (2.1.1):
    - ios-voice-processor (~> 1.0.2)
  - Rhino-iOS (2.1.2):
    - ios-voice-processor (~> 1.0.2)

DEPENDENCIES:
  - Picovoice-iOS (from `https://raw.githubusercontent.com/Picovoice/picovoice/lib-update/sdk/ios/Picovoice-iOS.podspec`)
  - Rhino-iOS (from `https://raw.githubusercontent.com/Picovoice/rhino/lib-update/binding/ios/Rhino-iOS.podspec`)

SPEC REPOS:
  trunk:
    - ios-voice-processor
    - Porcupine-iOS

EXTERNAL SOURCES:
  Picovoice-iOS:
    :podspec: https://raw.githubusercontent.com/Picovoice/picovoice/lib-update/sdk/ios/Picovoice-iOS.podspec
  Rhino-iOS:
    :podspec: https://raw.githubusercontent.com/Picovoice/rhino/lib-update/binding/ios/Rhino-iOS.podspec

CHECKOUT OPTIONS:
  Picovoice-iOS:
    :commit: 9a41fe05194449dad20a8be2906b871c8bc4ef77
    :git: https://github.com/Picovoice/picovoice.git
  Rhino-iOS:
    :commit: 8c21b8b88b833f6dcbf65083a1f08011e65aed52
    :git: https://github.com/Picovoice/rhino.git

SPEC CHECKSUMS:
  ios-voice-processor: 65b25a8db69ea25ffba0eeef37bae71a982f34cc
  Picovoice-iOS: f3ebd6445077bb79f75ff6f5ebbc86d9fbea9e92
  Porcupine-iOS: afcb0d0c2369e9bdd1a9a9cf3e2318f152dcddb1
  Rhino-iOS: 075a258d07fc55c316a86a5ec84667e015a2ddaf

PODFILE CHECKSUM: b284b70948b06b5ae171d489a8f3aa9924d7cc23

COCOAPODS: 1.11.2
