PODS:
  - ios-voice-processor (1.0.3)
  - Picovoice-iOS (2.1.2):
    - ios-voice-processor (~> 1.0.2)
    - Porcupine-iOS (~> 2.1.1)
    - Rhino-iOS (~> 2.1.2)
  - Porcupine-iOS (2.1.1):
    - ios-voice-processor (~> 1.0.2)
  - Rhino-iOS (2.1.2):
    - ios-voice-processor (~> 1.0.2)

DEPENDENCIES:
  - Picovoice-iOS (= 2.1.2)

SPEC REPOS:
  trunk:
    - ios-voice-processor
    - Picovoice-iOS
    - Porcupine-iOS
    - Rhino-iOS

SPEC CHECKSUMS:
  ios-voice-processor: 65b25a8db69ea25ffba0eeef37bae71a982f34cc
  Picovoice-iOS: 07c17af0f1f74076caedc91a0f8f392d5505900c
  Porcupine-iOS: afcb0d0c2369e9bdd1a9a9cf3e2318f152dcddb1
  Rhino-iOS: 334035c5c9883123d0ff776b634b227e5664c65b

PODFILE CHECKSUM: 791cbd0e309d2c1522ee4d3c12e7c7072572be48

COCOAPODS: 1.11.2
