PODS:
  - ios-voice-processor (1.0.3)
  - Picovoice-iOS (2.0.0):
    - ios-voice-processor (~> 1.0.2)
    - Porcupine-iOS (~> 2.0.0)
    - Rhino-iOS (~> 2.0.0)
  - Porcupine-iOS (2.0.0):
    - ios-voice-processor (~> 1.0.2)
  - Rhino-iOS (2.0.0):
    - ios-voice-processor (~> 1.0.2)

DEPENDENCIES:
  - Picovoice-iOS (~> 2.0.0)

SPEC REPOS:
  trunk:
    - ios-voice-processor
    - Picovoice-iOS
    - Porcupine-iOS
    - Rhino-iOS

SPEC CHECKSUMS:
  ios-voice-processor: 65b25a8db69ea25ffba0eeef37bae71a982f34cc
  Picovoice-iOS: d1c7ad861d2e7126db05ae2cda5be383a2065d67
  Porcupine-iOS: df056ec578ec2b5c321e4961f6b56a99693250e5
  Rhino-iOS: 39be46edee2c3b1d21a796c40927a29fb2f91a65

PODFILE CHECKSUM: 67efd2f5eaacf265fb4b1938ddf3c4cf1a684213

COCOAPODS: 1.11.2
