// !$*UTF8*$!
{
	archiveVersion = 1;
	classes = {
	};
	objectVersion = 48;
	objects = {

/* Begin PBXBuildFile section */
		0251C361269E140400B77F69 /* PicovoiceDemoUITests.swift in Sources */ = {isa = PBXBuildFile; fileRef = 0251C360269E140400B77F69 /* PicovoiceDemoUITests.swift */; };
		0251C36F269E1BEC00B77F69 /* picovoice-coffee.wav in Resources */ = {isa = PBXBuildFile; fileRef = 0251C36E269E1BEC00B77F69 /* picovoice-coffee.wav */; };
		0251C37D269E1CB600B77F69 /* coffee_maker_ios.rhn in Resources */ = {isa = PBXBuildFile; fileRef = 0251C37C269E1CB600B77F69 /* coffee_maker_ios.rhn */; };
		0251C37F269E1CED00B77F69 /* ananas_ios.ppn in Resources */ = {isa = PBXBuildFile; fileRef = 0251C37E269E1CED00B77F69 /* ananas_ios.ppn */; };
		0251C384269E1D2800B77F69 /* alexa_linux.ppn in Resources */ = {isa = PBXBuildFile; fileRef = 0251C383269E1D2700B77F69 /* alexa_linux.ppn */; };
		0251C386269E1D3600B77F69 /* emparedado_ios.ppn in Resources */ = {isa = PBXBuildFile; fileRef = 0251C385269E1D3600B77F69 /* emparedado_ios.ppn */; };
		0251C388269E1D4700B77F69 /* framboise_ios.ppn in Resources */ = {isa = PBXBuildFile; fileRef = 0251C387269E1D4700B77F69 /* framboise_ios.ppn */; };
		0251C38C269E1D8B00B77F69 /* rhino_params_fr.pv in Resources */ = {isa = PBXBuildFile; fileRef = 0251C389269E1D8B00B77F69 /* rhino_params_fr.pv */; };
		0251C38D269E1D8B00B77F69 /* rhino_params_de.pv in Resources */ = {isa = PBXBuildFile; fileRef = 0251C38A269E1D8B00B77F69 /* rhino_params_de.pv */; };
		0251C38E269E1D8B00B77F69 /* rhino_params_es.pv in Resources */ = {isa = PBXBuildFile; fileRef = 0251C38B269E1D8B00B77F69 /* rhino_params_es.pv */; };
		0251C392269E1D9F00B77F69 /* porcupine_params_es.pv in Resources */ = {isa = PBXBuildFile; fileRef = 0251C38F269E1D9E00B77F69 /* porcupine_params_es.pv */; };
		0251C393269E1D9F00B77F69 /* porcupine_params_de.pv in Resources */ = {isa = PBXBuildFile; fileRef = 0251C390269E1D9E00B77F69 /* porcupine_params_de.pv */; };
		0251C394269E1D9F00B77F69 /* porcupine_params_fr.pv in Resources */ = {isa = PBXBuildFile; fileRef = 0251C391269E1D9E00B77F69 /* porcupine_params_fr.pv */; };
		0251C396269E1E4600B77F69 /* coffee_maker_linux.rhn in Resources */ = {isa = PBXBuildFile; fileRef = 0251C395269E1E4600B77F69 /* coffee_maker_linux.rhn */; };
		0251C39E269E55A300B77F69 /* test_fr_ios.rhn in Resources */ = {isa = PBXBuildFile; fileRef = 0251C39D269E55A300B77F69 /* test_fr_ios.rhn */; };
		0251C3A0269E55B300B77F69 /* test_es_ios.rhn in Resources */ = {isa = PBXBuildFile; fileRef = 0251C39F269E55B300B77F69 /* test_es_ios.rhn */; };
		0251C3A2269E55D000B77F69 /* test_de_ios.rhn in Resources */ = {isa = PBXBuildFile; fileRef = 0251C3A1269E55D000B77F69 /* test_de_ios.rhn */; };
		1760DF2D253A175000395344 /* PicovoiceDemoApp.swift in Sources */ = {isa = PBXBuildFile; fileRef = 1760DF2C253A175000395344 /* PicovoiceDemoApp.swift */; };
		1760DF2F253A175000395344 /* ContentView.swift in Sources */ = {isa = PBXBuildFile; fileRef = 1760DF2E253A175000395344 /* ContentView.swift */; };
		1760DF31253A175500395344 /* Assets.xcassets in Resources */ = {isa = PBXBuildFile; fileRef = 1760DF30253A175500395344 /* Assets.xcassets */; };
		1760DF34253A175500395344 /* Preview Assets.xcassets in Resources */ = {isa = PBXBuildFile; fileRef = 1760DF33253A175500395344 /* Preview Assets.xcassets */; };
		1760DF58253A442A00395344 /* smart_lighting_ios.rhn in Resources */ = {isa = PBXBuildFile; fileRef = 1760DF57253A442A00395344 /* smart_lighting_ios.rhn */; };
		73531F04D087998E2AE14C48 /* libPods-PicovoiceDemo.a in Frameworks */ = {isa = PBXBuildFile; fileRef = 94B8C3506DC868A2E5EB7E01 /* libPods-PicovoiceDemo.a */; };
		924AC425484FFC751AAB5AC3 /* libPods-PicovoiceDemoUITests.a in Frameworks */ = {isa = PBXBuildFile; fileRef = E429C1B8109916CD609F9FC0 /* libPods-PicovoiceDemoUITests.a */; };
/* End PBXBuildFile section */

/* Begin PBXContainerItemProxy section */
		0251C363269E140400B77F69 /* PBXContainerItemProxy */ = {
			isa = PBXContainerItemProxy;
			containerPortal = 1760DF21253A175000395344 /* Project object */;
			proxyType = 1;
			remoteGlobalIDString = 1760DF28253A175000395344;
			remoteInfo = PicovoiceDemo;
		};
/* End PBXContainerItemProxy section */

/* Begin PBXCopyFilesBuildPhase section */
		02A416A625CE026600082745 /* Embed Frameworks */ = {
			isa = PBXCopyFilesBuildPhase;
			buildActionMask = 2147483647;
			dstPath = "";
			dstSubfolderSpec = 10;
			files = (
			);
			name = "Embed Frameworks";
			runOnlyForDeploymentPostprocessing = 0;
		};
/* End PBXCopyFilesBuildPhase section */

/* Begin PBXFileReference section */
		0251C35E269E140300B77F69 /* PicovoiceDemoUITests.xctest */ = {isa = PBXFileReference; explicitFileType = wrapper.cfbundle; includeInIndex = 0; path = PicovoiceDemoUITests.xctest; sourceTree = BUILT_PRODUCTS_DIR; };
		0251C360269E140400B77F69 /* PicovoiceDemoUITests.swift */ = {isa = PBXFileReference; lastKnownFileType = sourcecode.swift; path = PicovoiceDemoUITests.swift; sourceTree = "<group>"; };
		0251C362269E140400B77F69 /* Info.plist */ = {isa = PBXFileReference; lastKnownFileType = text.plist.xml; path = Info.plist; sourceTree = "<group>"; };
		0251C36E269E1BEC00B77F69 /* picovoice-coffee.wav */ = {isa = PBXFileReference; lastKnownFileType = audio.wav; name = "picovoice-coffee.wav"; path = "../../../resources/audio_samples/picovoice-coffee.wav"; sourceTree = "<group>"; };
		0251C37C269E1CB600B77F69 /* coffee_maker_ios.rhn */ = {isa = PBXFileReference; lastKnownFileType = file; name = coffee_maker_ios.rhn; path = ../../../resources/rhino/resources/contexts/ios/coffee_maker_ios.rhn; sourceTree = "<group>"; };
		0251C37E269E1CED00B77F69 /* ananas_ios.ppn */ = {isa = PBXFileReference; lastKnownFileType = file; name = ananas_ios.ppn; path = ../../../resources/porcupine/resources/keyword_files_de/ios/ananas_ios.ppn; sourceTree = "<group>"; };
		0251C383269E1D2700B77F69 /* alexa_linux.ppn */ = {isa = PBXFileReference; lastKnownFileType = file; name = alexa_linux.ppn; path = ../../../resources/porcupine/resources/keyword_files/linux/alexa_linux.ppn; sourceTree = "<group>"; };
		0251C385269E1D3600B77F69 /* emparedado_ios.ppn */ = {isa = PBXFileReference; lastKnownFileType = file; name = emparedado_ios.ppn; path = ../../../resources/porcupine/resources/keyword_files_es/ios/emparedado_ios.ppn; sourceTree = "<group>"; };
		0251C387269E1D4700B77F69 /* framboise_ios.ppn */ = {isa = PBXFileReference; lastKnownFileType = file; name = framboise_ios.ppn; path = ../../../resources/porcupine/resources/keyword_files_fr/ios/framboise_ios.ppn; sourceTree = "<group>"; };
		0251C389269E1D8B00B77F69 /* rhino_params_fr.pv */ = {isa = PBXFileReference; lastKnownFileType = file; name = rhino_params_fr.pv; path = ../../../resources/rhino/lib/common/rhino_params_fr.pv; sourceTree = "<group>"; };
		0251C38A269E1D8B00B77F69 /* rhino_params_de.pv */ = {isa = PBXFileReference; lastKnownFileType = file; name = rhino_params_de.pv; path = ../../../resources/rhino/lib/common/rhino_params_de.pv; sourceTree = "<group>"; };
		0251C38B269E1D8B00B77F69 /* rhino_params_es.pv */ = {isa = PBXFileReference; lastKnownFileType = file; name = rhino_params_es.pv; path = ../../../resources/rhino/lib/common/rhino_params_es.pv; sourceTree = "<group>"; };
		0251C38F269E1D9E00B77F69 /* porcupine_params_es.pv */ = {isa = PBXFileReference; lastKnownFileType = file; name = porcupine_params_es.pv; path = ../../../resources/porcupine/lib/common/porcupine_params_es.pv; sourceTree = "<group>"; };
		0251C390269E1D9E00B77F69 /* porcupine_params_de.pv */ = {isa = PBXFileReference; lastKnownFileType = file; name = porcupine_params_de.pv; path = ../../../resources/porcupine/lib/common/porcupine_params_de.pv; sourceTree = "<group>"; };
		0251C391269E1D9E00B77F69 /* porcupine_params_fr.pv */ = {isa = PBXFileReference; lastKnownFileType = file; name = porcupine_params_fr.pv; path = ../../../resources/porcupine/lib/common/porcupine_params_fr.pv; sourceTree = "<group>"; };
		0251C395269E1E4600B77F69 /* coffee_maker_linux.rhn */ = {isa = PBXFileReference; lastKnownFileType = file; name = coffee_maker_linux.rhn; path = ../../../resources/rhino/resources/contexts/linux/coffee_maker_linux.rhn; sourceTree = "<group>"; };
		0251C39D269E55A300B77F69 /* test_fr_ios.rhn */ = {isa = PBXFileReference; lastKnownFileType = file; name = test_fr_ios.rhn; path = ../../../resources/rhino/demo/ios/RhinoDemoUITests/test_fr_ios.rhn; sourceTree = "<group>"; };
		0251C39F269E55B300B77F69 /* test_es_ios.rhn */ = {isa = PBXFileReference; lastKnownFileType = file; name = test_es_ios.rhn; path = ../../../resources/rhino/demo/ios/RhinoDemoUITests/test_es_ios.rhn; sourceTree = "<group>"; };
		0251C3A1269E55D000B77F69 /* test_de_ios.rhn */ = {isa = PBXFileReference; fileEncoding = 4; lastKnownFileType = text; name = test_de_ios.rhn; path = ../../../resources/rhino/demo/ios/RhinoDemoUITests/test_de_ios.rhn; sourceTree = "<group>"; };
		1760DF29253A175000395344 /* PicovoiceDemo.app */ = {isa = PBXFileReference; explicitFileType = wrapper.application; includeInIndex = 0; path = PicovoiceDemo.app; sourceTree = BUILT_PRODUCTS_DIR; };
		1760DF2C253A175000395344 /* PicovoiceDemoApp.swift */ = {isa = PBXFileReference; lastKnownFileType = sourcecode.swift; path = PicovoiceDemoApp.swift; sourceTree = "<group>"; };
		1760DF2E253A175000395344 /* ContentView.swift */ = {isa = PBXFileReference; lastKnownFileType = sourcecode.swift; path = ContentView.swift; sourceTree = "<group>"; };
		1760DF30253A175500395344 /* Assets.xcassets */ = {isa = PBXFileReference; lastKnownFileType = folder.assetcatalog; path = Assets.xcassets; sourceTree = "<group>"; };
		1760DF33253A175500395344 /* Preview Assets.xcassets */ = {isa = PBXFileReference; lastKnownFileType = folder.assetcatalog; path = "Preview Assets.xcassets"; sourceTree = "<group>"; };
		1760DF35253A175500395344 /* Info.plist */ = {isa = PBXFileReference; lastKnownFileType = text.plist.xml; path = Info.plist; sourceTree = "<group>"; };
		1760DF57253A442A00395344 /* smart_lighting_ios.rhn */ = {isa = PBXFileReference; lastKnownFileType = file; name = smart_lighting_ios.rhn; path = ../../../resources/rhino/resources/contexts/ios/smart_lighting_ios.rhn; sourceTree = "<group>"; };
		225F59ED6B6CC51898C796E9 /* Pods-PicovoiceDemoUITests.debug.xcconfig */ = {isa = PBXFileReference; includeInIndex = 1; lastKnownFileType = text.xcconfig; name = "Pods-PicovoiceDemoUITests.debug.xcconfig"; path = "Target Support Files/Pods-PicovoiceDemoUITests/Pods-PicovoiceDemoUITests.debug.xcconfig"; sourceTree = "<group>"; };
		94B8C3506DC868A2E5EB7E01 /* libPods-PicovoiceDemo.a */ = {isa = PBXFileReference; explicitFileType = archive.ar; includeInIndex = 0; path = "libPods-PicovoiceDemo.a"; sourceTree = BUILT_PRODUCTS_DIR; };
		D2AF6C42DC1F39FC33A02E0E /* Pods-PicovoiceDemo.release.xcconfig */ = {isa = PBXFileReference; includeInIndex = 1; lastKnownFileType = text.xcconfig; name = "Pods-PicovoiceDemo.release.xcconfig"; path = "Target Support Files/Pods-PicovoiceDemo/Pods-PicovoiceDemo.release.xcconfig"; sourceTree = "<group>"; };
		E429C1B8109916CD609F9FC0 /* libPods-PicovoiceDemoUITests.a */ = {isa = PBXFileReference; explicitFileType = archive.ar; includeInIndex = 0; path = "libPods-PicovoiceDemoUITests.a"; sourceTree = BUILT_PRODUCTS_DIR; };
		F4F982E390BCDA86F185C25B /* Pods-PicovoiceDemo.debug.xcconfig */ = {isa = PBXFileReference; includeInIndex = 1; lastKnownFileType = text.xcconfig; name = "Pods-PicovoiceDemo.debug.xcconfig"; path = "Target Support Files/Pods-PicovoiceDemo/Pods-PicovoiceDemo.debug.xcconfig"; sourceTree = "<group>"; };
		FD7228C1115ED50A1C5870A9 /* Pods-PicovoiceDemoUITests.release.xcconfig */ = {isa = PBXFileReference; includeInIndex = 1; lastKnownFileType = text.xcconfig; name = "Pods-PicovoiceDemoUITests.release.xcconfig"; path = "Target Support Files/Pods-PicovoiceDemoUITests/Pods-PicovoiceDemoUITests.release.xcconfig"; sourceTree = "<group>"; };
/* End PBXFileReference section */

/* Begin PBXFrameworksBuildPhase section */
		0251C35B269E140300B77F69 /* Frameworks */ = {
			isa = PBXFrameworksBuildPhase;
			buildActionMask = 2147483647;
			files = (
				924AC425484FFC751AAB5AC3 /* libPods-PicovoiceDemoUITests.a in Frameworks */,
			);
			runOnlyForDeploymentPostprocessing = 0;
		};
		1760DF26253A175000395344 /* Frameworks */ = {
			isa = PBXFrameworksBuildPhase;
			buildActionMask = 2147483647;
			files = (
				73531F04D087998E2AE14C48 /* libPods-PicovoiceDemo.a in Frameworks */,
			);
			runOnlyForDeploymentPostprocessing = 0;
		};
/* End PBXFrameworksBuildPhase section */

/* Begin PBXGroup section */
		0251C35F269E140400B77F69 /* PicovoiceDemoUITests */ = {
			isa = PBXGroup;
			children = (
				0251C368269E1B8B00B77F69 /* test_resources */,
				0251C360269E140400B77F69 /* PicovoiceDemoUITests.swift */,
				0251C362269E140400B77F69 /* Info.plist */,
			);
			path = PicovoiceDemoUITests;
			sourceTree = "<group>";
		};
		0251C368269E1B8B00B77F69 /* test_resources */ = {
			isa = PBXGroup;
			children = (
				0251C36D269E1BD600B77F69 /* audio_samples */,
				0251C36C269E1BCA00B77F69 /* context_files */,
				0251C36B269E1BB600B77F69 /* keyword_files */,
				0251C36A269E1BA500B77F69 /* rhino_model_files */,
				0251C369269E1B9700B77F69 /* porcupine_model_files */,
			);
			name = test_resources;
			sourceTree = "<group>";
		};
		0251C369269E1B9700B77F69 /* porcupine_model_files */ = {
			isa = PBXGroup;
			children = (
				0251C390269E1D9E00B77F69 /* porcupine_params_de.pv */,
				0251C38F269E1D9E00B77F69 /* porcupine_params_es.pv */,
				0251C391269E1D9E00B77F69 /* porcupine_params_fr.pv */,
			);
			name = porcupine_model_files;
			sourceTree = "<group>";
		};
		0251C36A269E1BA500B77F69 /* rhino_model_files */ = {
			isa = PBXGroup;
			children = (
				0251C38A269E1D8B00B77F69 /* rhino_params_de.pv */,
				0251C38B269E1D8B00B77F69 /* rhino_params_es.pv */,
				0251C389269E1D8B00B77F69 /* rhino_params_fr.pv */,
			);
			name = rhino_model_files;
			sourceTree = "<group>";
		};
		0251C36B269E1BB600B77F69 /* keyword_files */ = {
			isa = PBXGroup;
			children = (
				0251C379269E1C6400B77F69 /* de */,
				0251C378269E1C5F00B77F69 /* en */,
				0251C377269E1C5C00B77F69 /* es */,
				0251C376269E1C5800B77F69 /* fr */,
			);
			name = keyword_files;
			sourceTree = "<group>";
		};
		0251C36C269E1BCA00B77F69 /* context_files */ = {
			isa = PBXGroup;
			children = (
				0251C375269E1C5200B77F69 /* fr */,
				0251C374269E1C4B00B77F69 /* es */,
				0251C373269E1C4800B77F69 /* de */,
				0251C372269E1C4300B77F69 /* en */,
			);
			name = context_files;
			sourceTree = "<group>";
		};
		0251C36D269E1BD600B77F69 /* audio_samples */ = {
			isa = PBXGroup;
			children = (
				0251C36E269E1BEC00B77F69 /* picovoice-coffee.wav */,
			);
			name = audio_samples;
			sourceTree = "<group>";
		};
		0251C372269E1C4300B77F69 /* en */ = {
			isa = PBXGroup;
			children = (
				0251C395269E1E4600B77F69 /* coffee_maker_linux.rhn */,
				0251C37C269E1CB600B77F69 /* coffee_maker_ios.rhn */,
			);
			name = en;
			sourceTree = "<group>";
		};
		0251C373269E1C4800B77F69 /* de */ = {
			isa = PBXGroup;
			children = (
				0251C3A1269E55D000B77F69 /* test_de_ios.rhn */,
			);
			name = de;
			sourceTree = "<group>";
		};
		0251C374269E1C4B00B77F69 /* es */ = {
			isa = PBXGroup;
			children = (
				0251C39F269E55B300B77F69 /* test_es_ios.rhn */,
			);
			name = es;
			sourceTree = "<group>";
		};
		0251C375269E1C5200B77F69 /* fr */ = {
			isa = PBXGroup;
			children = (
				0251C39D269E55A300B77F69 /* test_fr_ios.rhn */,
			);
			name = fr;
			sourceTree = "<group>";
		};
		0251C376269E1C5800B77F69 /* fr */ = {
			isa = PBXGroup;
			children = (
				0251C387269E1D4700B77F69 /* framboise_ios.ppn */,
			);
			name = fr;
			sourceTree = "<group>";
		};
		0251C377269E1C5C00B77F69 /* es */ = {
			isa = PBXGroup;
			children = (
				0251C385269E1D3600B77F69 /* emparedado_ios.ppn */,
			);
			name = es;
			sourceTree = "<group>";
		};
		0251C378269E1C5F00B77F69 /* en */ = {
			isa = PBXGroup;
			children = (
				0251C383269E1D2700B77F69 /* alexa_linux.ppn */,
			);
			name = en;
			sourceTree = "<group>";
		};
		0251C379269E1C6400B77F69 /* de */ = {
			isa = PBXGroup;
			children = (
				0251C37E269E1CED00B77F69 /* ananas_ios.ppn */,
			);
			name = de;
			sourceTree = "<group>";
		};
		1760DF20253A175000395344 = {
			isa = PBXGroup;
			children = (
				1760DF2B253A175000395344 /* PicovoiceDemo */,
				0251C35F269E140400B77F69 /* PicovoiceDemoUITests */,
				1760DF2A253A175000395344 /* Products */,
				1760DF3D253A185500395344 /* Frameworks */,
				81DF6A1A45C53858F171B57E /* Pods */,
			);
			sourceTree = "<group>";
		};
		1760DF2A253A175000395344 /* Products */ = {
			isa = PBXGroup;
			children = (
				1760DF29253A175000395344 /* PicovoiceDemo.app */,
				0251C35E269E140300B77F69 /* PicovoiceDemoUITests.xctest */,
			);
			name = Products;
			sourceTree = "<group>";
		};
		1760DF2B253A175000395344 /* PicovoiceDemo */ = {
			isa = PBXGroup;
			children = (
				1760DF57253A442A00395344 /* smart_lighting_ios.rhn */,
				1760DF2C253A175000395344 /* PicovoiceDemoApp.swift */,
				1760DF2E253A175000395344 /* ContentView.swift */,
				1760DF30253A175500395344 /* Assets.xcassets */,
				1760DF35253A175500395344 /* Info.plist */,
				1760DF32253A175500395344 /* Preview Content */,
			);
			path = PicovoiceDemo;
			sourceTree = "<group>";
		};
		1760DF32253A175500395344 /* Preview Content */ = {
			isa = PBXGroup;
			children = (
				1760DF33253A175500395344 /* Preview Assets.xcassets */,
			);
			path = "Preview Content";
			sourceTree = "<group>";
		};
		1760DF3D253A185500395344 /* Frameworks */ = {
			isa = PBXGroup;
			children = (
				94B8C3506DC868A2E5EB7E01 /* libPods-PicovoiceDemo.a */,
				E429C1B8109916CD609F9FC0 /* libPods-PicovoiceDemoUITests.a */,
			);
			name = Frameworks;
			sourceTree = "<group>";
		};
		81DF6A1A45C53858F171B57E /* Pods */ = {
			isa = PBXGroup;
			children = (
				F4F982E390BCDA86F185C25B /* Pods-PicovoiceDemo.debug.xcconfig */,
				D2AF6C42DC1F39FC33A02E0E /* Pods-PicovoiceDemo.release.xcconfig */,
				225F59ED6B6CC51898C796E9 /* Pods-PicovoiceDemoUITests.debug.xcconfig */,
				FD7228C1115ED50A1C5870A9 /* Pods-PicovoiceDemoUITests.release.xcconfig */,
			);
			path = Pods;
			sourceTree = "<group>";
		};
/* End PBXGroup section */

/* Begin PBXNativeTarget section */
		0251C35D269E140300B77F69 /* PicovoiceDemoUITests */ = {
			isa = PBXNativeTarget;
			buildConfigurationList = 0251C367269E140400B77F69 /* Build configuration list for PBXNativeTarget "PicovoiceDemoUITests" */;
			buildPhases = (
				92328431597E953AA0CADF81 /* [CP] Check Pods Manifest.lock */,
				0251C35A269E140300B77F69 /* Sources */,
				0251C35B269E140300B77F69 /* Frameworks */,
				0251C35C269E140300B77F69 /* Resources */,
				6E4D2DAF8120803C38CB18BD /* [CP] Embed Pods Frameworks */,
				1BE404C992704D7E44F33A69 /* [CP] Copy Pods Resources */,
			);
			buildRules = (
			);
			dependencies = (
				0251C364269E140400B77F69 /* PBXTargetDependency */,
			);
			name = PicovoiceDemoUITests;
			productName = PicovoiceDemoUITests;
			productReference = 0251C35E269E140300B77F69 /* PicovoiceDemoUITests.xctest */;
			productType = "com.apple.product-type.bundle.ui-testing";
		};
		1760DF28253A175000395344 /* PicovoiceDemo */ = {
			isa = PBXNativeTarget;
			buildConfigurationList = 1760DF38253A175500395344 /* Build configuration list for PBXNativeTarget "PicovoiceDemo" */;
			buildPhases = (
				8DF763C86EDD324B17A8B7C3 /* [CP] Check Pods Manifest.lock */,
				1760DF25253A175000395344 /* Sources */,
				1760DF26253A175000395344 /* Frameworks */,
				1760DF27253A175000395344 /* Resources */,
				02A416A625CE026600082745 /* Embed Frameworks */,
				FFF41E1237AE54C2CD90B29F /* [CP] Embed Pods Frameworks */,
				688BC2131136F7EE3C2138C3 /* [CP] Copy Pods Resources */,
			);
			buildRules = (
			);
			dependencies = (
			);
			name = PicovoiceDemo;
			productName = PicovoiceDemo;
			productReference = 1760DF29253A175000395344 /* PicovoiceDemo.app */;
			productType = "com.apple.product-type.application";
		};
/* End PBXNativeTarget section */

/* Begin PBXProject section */
		1760DF21253A175000395344 /* Project object */ = {
			isa = PBXProject;
			attributes = {
				LastSwiftUpdateCheck = 1250;
				LastUpgradeCheck = 1200;
				TargetAttributes = {
					0251C35D269E140300B77F69 = {
						CreatedOnToolsVersion = 12.5;
						ProvisioningStyle = Automatic;
						TestTargetID = 1760DF28253A175000395344;
					};
					1760DF28253A175000395344 = {
						CreatedOnToolsVersion = 12.0.1;
						ProvisioningStyle = Automatic;
					};
				};
			};
			buildConfigurationList = 1760DF24253A175000395344 /* Build configuration list for PBXProject "PicovoiceDemo" */;
			compatibilityVersion = "Xcode 8.0";
			developmentRegion = en;
			hasScannedForEncodings = 0;
			knownRegions = (
				en,
				Base,
			);
			mainGroup = 1760DF20253A175000395344;
			productRefGroup = 1760DF2A253A175000395344 /* Products */;
			projectDirPath = "";
			projectRoot = "";
			targets = (
				1760DF28253A175000395344 /* PicovoiceDemo */,
				0251C35D269E140300B77F69 /* PicovoiceDemoUITests */,
			);
		};
/* End PBXProject section */

/* Begin PBXResourcesBuildPhase section */
		0251C35C269E140300B77F69 /* Resources */ = {
			isa = PBXResourcesBuildPhase;
			buildActionMask = 2147483647;
			files = (
				0251C38C269E1D8B00B77F69 /* rhino_params_fr.pv in Resources */,
				0251C386269E1D3600B77F69 /* emparedado_ios.ppn in Resources */,
				0251C36F269E1BEC00B77F69 /* picovoice-coffee.wav in Resources */,
				0251C38E269E1D8B00B77F69 /* rhino_params_es.pv in Resources */,
				0251C37D269E1CB600B77F69 /* coffee_maker_ios.rhn in Resources */,
				0251C393269E1D9F00B77F69 /* porcupine_params_de.pv in Resources */,
				0251C384269E1D2800B77F69 /* alexa_linux.ppn in Resources */,
				0251C3A2269E55D000B77F69 /* test_de_ios.rhn in Resources */,
				0251C38D269E1D8B00B77F69 /* rhino_params_de.pv in Resources */,
				0251C39E269E55A300B77F69 /* test_fr_ios.rhn in Resources */,
				0251C388269E1D4700B77F69 /* framboise_ios.ppn in Resources */,
				0251C37F269E1CED00B77F69 /* ananas_ios.ppn in Resources */,
				0251C394269E1D9F00B77F69 /* porcupine_params_fr.pv in Resources */,
				0251C396269E1E4600B77F69 /* coffee_maker_linux.rhn in Resources */,
				0251C392269E1D9F00B77F69 /* porcupine_params_es.pv in Resources */,
				0251C3A0269E55B300B77F69 /* test_es_ios.rhn in Resources */,
			);
			runOnlyForDeploymentPostprocessing = 0;
		};
		1760DF27253A175000395344 /* Resources */ = {
			isa = PBXResourcesBuildPhase;
			buildActionMask = 2147483647;
			files = (
				1760DF34253A175500395344 /* Preview Assets.xcassets in Resources */,
				1760DF58253A442A00395344 /* smart_lighting_ios.rhn in Resources */,
				1760DF31253A175500395344 /* Assets.xcassets in Resources */,
			);
			runOnlyForDeploymentPostprocessing = 0;
		};
/* End PBXResourcesBuildPhase section */

/* Begin PBXShellScriptBuildPhase section */
		1BE404C992704D7E44F33A69 /* [CP] Copy Pods Resources */ = {
			isa = PBXShellScriptBuildPhase;
			buildActionMask = 2147483647;
			files = (
			);
			inputPaths = (
				"${PODS_ROOT}/Target Support Files/Pods-PicovoiceDemoUITests/Pods-PicovoiceDemoUITests-resources.sh",
				"${PODS_ROOT}/Porcupine-iOS/resources/keyword_files/ios/alexa_ios.ppn",
				"${PODS_ROOT}/Porcupine-iOS/resources/keyword_files/ios/americano_ios.ppn",
				"${PODS_ROOT}/Porcupine-iOS/resources/keyword_files/ios/blueberry_ios.ppn",
				"${PODS_ROOT}/Porcupine-iOS/resources/keyword_files/ios/bumblebee_ios.ppn",
				"${PODS_ROOT}/Porcupine-iOS/resources/keyword_files/ios/computer_ios.ppn",
				"${PODS_ROOT}/Porcupine-iOS/resources/keyword_files/ios/grapefruit_ios.ppn",
				"${PODS_ROOT}/Porcupine-iOS/resources/keyword_files/ios/grasshopper_ios.ppn",
				"${PODS_ROOT}/Porcupine-iOS/resources/keyword_files/ios/hey google_ios.ppn",
				"${PODS_ROOT}/Porcupine-iOS/resources/keyword_files/ios/hey siri_ios.ppn",
				"${PODS_ROOT}/Porcupine-iOS/resources/keyword_files/ios/jarvis_ios.ppn",
				"${PODS_ROOT}/Porcupine-iOS/resources/keyword_files/ios/ok google_ios.ppn",
				"${PODS_ROOT}/Porcupine-iOS/resources/keyword_files/ios/picovoice_ios.ppn",
				"${PODS_ROOT}/Porcupine-iOS/resources/keyword_files/ios/porcupine_ios.ppn",
				"${PODS_ROOT}/Porcupine-iOS/resources/keyword_files/ios/terminator_ios.ppn",
				"${PODS_ROOT}/Porcupine-iOS/lib/common/porcupine_params.pv",
				"${PODS_ROOT}/Rhino-iOS/lib/common/rhino_params.pv",
			);
			name = "[CP] Copy Pods Resources";
			outputPaths = (
				"${TARGET_BUILD_DIR}/${UNLOCALIZED_RESOURCES_FOLDER_PATH}/alexa_ios.ppn",
				"${TARGET_BUILD_DIR}/${UNLOCALIZED_RESOURCES_FOLDER_PATH}/americano_ios.ppn",
				"${TARGET_BUILD_DIR}/${UNLOCALIZED_RESOURCES_FOLDER_PATH}/blueberry_ios.ppn",
				"${TARGET_BUILD_DIR}/${UNLOCALIZED_RESOURCES_FOLDER_PATH}/bumblebee_ios.ppn",
				"${TARGET_BUILD_DIR}/${UNLOCALIZED_RESOURCES_FOLDER_PATH}/computer_ios.ppn",
				"${TARGET_BUILD_DIR}/${UNLOCALIZED_RESOURCES_FOLDER_PATH}/grapefruit_ios.ppn",
				"${TARGET_BUILD_DIR}/${UNLOCALIZED_RESOURCES_FOLDER_PATH}/grasshopper_ios.ppn",
				"${TARGET_BUILD_DIR}/${UNLOCALIZED_RESOURCES_FOLDER_PATH}/hey google_ios.ppn",
				"${TARGET_BUILD_DIR}/${UNLOCALIZED_RESOURCES_FOLDER_PATH}/hey siri_ios.ppn",
				"${TARGET_BUILD_DIR}/${UNLOCALIZED_RESOURCES_FOLDER_PATH}/jarvis_ios.ppn",
				"${TARGET_BUILD_DIR}/${UNLOCALIZED_RESOURCES_FOLDER_PATH}/ok google_ios.ppn",
				"${TARGET_BUILD_DIR}/${UNLOCALIZED_RESOURCES_FOLDER_PATH}/picovoice_ios.ppn",
				"${TARGET_BUILD_DIR}/${UNLOCALIZED_RESOURCES_FOLDER_PATH}/porcupine_ios.ppn",
				"${TARGET_BUILD_DIR}/${UNLOCALIZED_RESOURCES_FOLDER_PATH}/terminator_ios.ppn",
				"${TARGET_BUILD_DIR}/${UNLOCALIZED_RESOURCES_FOLDER_PATH}/porcupine_params.pv",
				"${TARGET_BUILD_DIR}/${UNLOCALIZED_RESOURCES_FOLDER_PATH}/rhino_params.pv",
			);
			runOnlyForDeploymentPostprocessing = 0;
			shellPath = /bin/sh;
			shellScript = "\"${PODS_ROOT}/Target Support Files/Pods-PicovoiceDemoUITests/Pods-PicovoiceDemoUITests-resources.sh\"\n";
			showEnvVarsInLog = 0;
		};
		688BC2131136F7EE3C2138C3 /* [CP] Copy Pods Resources */ = {
			isa = PBXShellScriptBuildPhase;
			buildActionMask = 2147483647;
			files = (
			);
			inputPaths = (
				"${PODS_ROOT}/Target Support Files/Pods-PicovoiceDemo/Pods-PicovoiceDemo-resources.sh",
				"${PODS_ROOT}/Porcupine-iOS/resources/keyword_files/ios/alexa_ios.ppn",
				"${PODS_ROOT}/Porcupine-iOS/resources/keyword_files/ios/americano_ios.ppn",
				"${PODS_ROOT}/Porcupine-iOS/resources/keyword_files/ios/blueberry_ios.ppn",
				"${PODS_ROOT}/Porcupine-iOS/resources/keyword_files/ios/bumblebee_ios.ppn",
				"${PODS_ROOT}/Porcupine-iOS/resources/keyword_files/ios/computer_ios.ppn",
				"${PODS_ROOT}/Porcupine-iOS/resources/keyword_files/ios/grapefruit_ios.ppn",
				"${PODS_ROOT}/Porcupine-iOS/resources/keyword_files/ios/grasshopper_ios.ppn",
				"${PODS_ROOT}/Porcupine-iOS/resources/keyword_files/ios/hey google_ios.ppn",
				"${PODS_ROOT}/Porcupine-iOS/resources/keyword_files/ios/hey siri_ios.ppn",
				"${PODS_ROOT}/Porcupine-iOS/resources/keyword_files/ios/jarvis_ios.ppn",
				"${PODS_ROOT}/Porcupine-iOS/resources/keyword_files/ios/ok google_ios.ppn",
				"${PODS_ROOT}/Porcupine-iOS/resources/keyword_files/ios/picovoice_ios.ppn",
				"${PODS_ROOT}/Porcupine-iOS/resources/keyword_files/ios/porcupine_ios.ppn",
				"${PODS_ROOT}/Porcupine-iOS/resources/keyword_files/ios/terminator_ios.ppn",
				"${PODS_ROOT}/Porcupine-iOS/lib/common/porcupine_params.pv",
				"${PODS_ROOT}/Rhino-iOS/lib/common/rhino_params.pv",
			);
			name = "[CP] Copy Pods Resources";
			outputPaths = (
				"${TARGET_BUILD_DIR}/${UNLOCALIZED_RESOURCES_FOLDER_PATH}/alexa_ios.ppn",
				"${TARGET_BUILD_DIR}/${UNLOCALIZED_RESOURCES_FOLDER_PATH}/americano_ios.ppn",
				"${TARGET_BUILD_DIR}/${UNLOCALIZED_RESOURCES_FOLDER_PATH}/blueberry_ios.ppn",
				"${TARGET_BUILD_DIR}/${UNLOCALIZED_RESOURCES_FOLDER_PATH}/bumblebee_ios.ppn",
				"${TARGET_BUILD_DIR}/${UNLOCALIZED_RESOURCES_FOLDER_PATH}/computer_ios.ppn",
				"${TARGET_BUILD_DIR}/${UNLOCALIZED_RESOURCES_FOLDER_PATH}/grapefruit_ios.ppn",
				"${TARGET_BUILD_DIR}/${UNLOCALIZED_RESOURCES_FOLDER_PATH}/grasshopper_ios.ppn",
				"${TARGET_BUILD_DIR}/${UNLOCALIZED_RESOURCES_FOLDER_PATH}/hey google_ios.ppn",
				"${TARGET_BUILD_DIR}/${UNLOCALIZED_RESOURCES_FOLDER_PATH}/hey siri_ios.ppn",
				"${TARGET_BUILD_DIR}/${UNLOCALIZED_RESOURCES_FOLDER_PATH}/jarvis_ios.ppn",
				"${TARGET_BUILD_DIR}/${UNLOCALIZED_RESOURCES_FOLDER_PATH}/ok google_ios.ppn",
				"${TARGET_BUILD_DIR}/${UNLOCALIZED_RESOURCES_FOLDER_PATH}/picovoice_ios.ppn",
				"${TARGET_BUILD_DIR}/${UNLOCALIZED_RESOURCES_FOLDER_PATH}/porcupine_ios.ppn",
				"${TARGET_BUILD_DIR}/${UNLOCALIZED_RESOURCES_FOLDER_PATH}/terminator_ios.ppn",
				"${TARGET_BUILD_DIR}/${UNLOCALIZED_RESOURCES_FOLDER_PATH}/porcupine_params.pv",
				"${TARGET_BUILD_DIR}/${UNLOCALIZED_RESOURCES_FOLDER_PATH}/rhino_params.pv",
			);
			runOnlyForDeploymentPostprocessing = 0;
			shellPath = /bin/sh;
			shellScript = "\"${PODS_ROOT}/Target Support Files/Pods-PicovoiceDemo/Pods-PicovoiceDemo-resources.sh\"\n";
			showEnvVarsInLog = 0;
		};
		6E4D2DAF8120803C38CB18BD /* [CP] Embed Pods Frameworks */ = {
			isa = PBXShellScriptBuildPhase;
			buildActionMask = 2147483647;
			files = (
			);
			inputPaths = (
				"${PODS_ROOT}/Target Support Files/Pods-PicovoiceDemoUITests/Pods-PicovoiceDemoUITests-frameworks.sh",
				"${PODS_XCFRAMEWORKS_BUILD_DIR}/PvPorcupine/PvPorcupine.framework/PvPorcupine",
				"${PODS_XCFRAMEWORKS_BUILD_DIR}/PvRhino/PvRhino.framework/PvRhino",
			);
			name = "[CP] Embed Pods Frameworks";
			outputPaths = (
				"${TARGET_BUILD_DIR}/${FRAMEWORKS_FOLDER_PATH}/PvPorcupine.framework",
				"${TARGET_BUILD_DIR}/${FRAMEWORKS_FOLDER_PATH}/PvRhino.framework",
			);
			runOnlyForDeploymentPostprocessing = 0;
			shellPath = /bin/sh;
			shellScript = "\"${PODS_ROOT}/Target Support Files/Pods-PicovoiceDemoUITests/Pods-PicovoiceDemoUITests-frameworks.sh\"\n";
			showEnvVarsInLog = 0;
		};
		8DF763C86EDD324B17A8B7C3 /* [CP] Check Pods Manifest.lock */ = {
			isa = PBXShellScriptBuildPhase;
			buildActionMask = 2147483647;
			files = (
			);
			inputFileListPaths = (
			);
			inputPaths = (
				"${PODS_PODFILE_DIR_PATH}/Podfile.lock",
				"${PODS_ROOT}/Manifest.lock",
			);
			name = "[CP] Check Pods Manifest.lock";
			outputFileListPaths = (
			);
			outputPaths = (
				"$(DERIVED_FILE_DIR)/Pods-PicovoiceDemo-checkManifestLockResult.txt",
			);
			runOnlyForDeploymentPostprocessing = 0;
			shellPath = /bin/sh;
			shellScript = "diff \"${PODS_PODFILE_DIR_PATH}/Podfile.lock\" \"${PODS_ROOT}/Manifest.lock\" > /dev/null\nif [ $? != 0 ] ; then\n    # print error to STDERR\n    echo \"error: The sandbox is not in sync with the Podfile.lock. Run 'pod install' or update your CocoaPods installation.\" >&2\n    exit 1\nfi\n# This output is used by Xcode 'outputs' to avoid re-running this script phase.\necho \"SUCCESS\" > \"${SCRIPT_OUTPUT_FILE_0}\"\n";
			showEnvVarsInLog = 0;
		};
		92328431597E953AA0CADF81 /* [CP] Check Pods Manifest.lock */ = {
			isa = PBXShellScriptBuildPhase;
			buildActionMask = 2147483647;
			files = (
			);
			inputFileListPaths = (
			);
			inputPaths = (
				"${PODS_PODFILE_DIR_PATH}/Podfile.lock",
				"${PODS_ROOT}/Manifest.lock",
			);
			name = "[CP] Check Pods Manifest.lock";
			outputFileListPaths = (
			);
			outputPaths = (
				"$(DERIVED_FILE_DIR)/Pods-PicovoiceDemoUITests-checkManifestLockResult.txt",
			);
			runOnlyForDeploymentPostprocessing = 0;
			shellPath = /bin/sh;
			shellScript = "diff \"${PODS_PODFILE_DIR_PATH}/Podfile.lock\" \"${PODS_ROOT}/Manifest.lock\" > /dev/null\nif [ $? != 0 ] ; then\n    # print error to STDERR\n    echo \"error: The sandbox is not in sync with the Podfile.lock. Run 'pod install' or update your CocoaPods installation.\" >&2\n    exit 1\nfi\n# This output is used by Xcode 'outputs' to avoid re-running this script phase.\necho \"SUCCESS\" > \"${SCRIPT_OUTPUT_FILE_0}\"\n";
			showEnvVarsInLog = 0;
		};
		FFF41E1237AE54C2CD90B29F /* [CP] Embed Pods Frameworks */ = {
			isa = PBXShellScriptBuildPhase;
			buildActionMask = 2147483647;
			files = (
			);
			inputPaths = (
				"${PODS_ROOT}/Target Support Files/Pods-PicovoiceDemo/Pods-PicovoiceDemo-frameworks.sh",
				"${PODS_XCFRAMEWORKS_BUILD_DIR}/PvPorcupine/PvPorcupine.framework/PvPorcupine",
				"${PODS_XCFRAMEWORKS_BUILD_DIR}/PvRhino/PvRhino.framework/PvRhino",
			);
			name = "[CP] Embed Pods Frameworks";
			outputPaths = (
				"${TARGET_BUILD_DIR}/${FRAMEWORKS_FOLDER_PATH}/PvPorcupine.framework",
				"${TARGET_BUILD_DIR}/${FRAMEWORKS_FOLDER_PATH}/PvRhino.framework",
			);
			runOnlyForDeploymentPostprocessing = 0;
			shellPath = /bin/sh;
			shellScript = "\"${PODS_ROOT}/Target Support Files/Pods-PicovoiceDemo/Pods-PicovoiceDemo-frameworks.sh\"\n";
			showEnvVarsInLog = 0;
		};
/* End PBXShellScriptBuildPhase section */

/* Begin PBXSourcesBuildPhase section */
		0251C35A269E140300B77F69 /* Sources */ = {
			isa = PBXSourcesBuildPhase;
			buildActionMask = 2147483647;
			files = (
				0251C361269E140400B77F69 /* PicovoiceDemoUITests.swift in Sources */,
			);
			runOnlyForDeploymentPostprocessing = 0;
		};
		1760DF25253A175000395344 /* Sources */ = {
			isa = PBXSourcesBuildPhase;
			buildActionMask = 2147483647;
			files = (
				1760DF2F253A175000395344 /* ContentView.swift in Sources */,
				1760DF2D253A175000395344 /* PicovoiceDemoApp.swift in Sources */,
			);
			runOnlyForDeploymentPostprocessing = 0;
		};
/* End PBXSourcesBuildPhase section */

/* Begin PBXTargetDependency section */
		0251C364269E140400B77F69 /* PBXTargetDependency */ = {
			isa = PBXTargetDependency;
			target = 1760DF28253A175000395344 /* PicovoiceDemo */;
			targetProxy = 0251C363269E140400B77F69 /* PBXContainerItemProxy */;
		};
/* End PBXTargetDependency section */

/* Begin XCBuildConfiguration section */
		0251C365269E140400B77F69 /* Debug */ = {
			isa = XCBuildConfiguration;
			baseConfigurationReference = 225F59ED6B6CC51898C796E9 /* Pods-PicovoiceDemoUITests.debug.xcconfig */;
			buildSettings = {
				CODE_SIGN_STYLE = Automatic;
				DEVELOPMENT_TEAM = 65723695GD;
				INFOPLIST_FILE = PicovoiceDemoUITests/Info.plist;
				IPHONEOS_DEPLOYMENT_TARGET = 14.5;
				LD_RUNPATH_SEARCH_PATHS = "$(inherited) @executable_path/Frameworks @loader_path/Frameworks";
				PRODUCT_BUNDLE_IDENTIFIER = ai.picovoice.PicovoiceDemoUITests;
				PRODUCT_NAME = "$(TARGET_NAME)";
				SWIFT_VERSION = 5.0;
				TARGETED_DEVICE_FAMILY = "1,2";
				TEST_TARGET_NAME = PicovoiceDemo;
			};
			name = Debug;
		};
		0251C366269E140400B77F69 /* Release */ = {
			isa = XCBuildConfiguration;
			baseConfigurationReference = FD7228C1115ED50A1C5870A9 /* Pods-PicovoiceDemoUITests.release.xcconfig */;
			buildSettings = {
				CODE_SIGN_STYLE = Automatic;
				DEVELOPMENT_TEAM = 65723695GD;
				INFOPLIST_FILE = PicovoiceDemoUITests/Info.plist;
				IPHONEOS_DEPLOYMENT_TARGET = 14.5;
				LD_RUNPATH_SEARCH_PATHS = "$(inherited) @executable_path/Frameworks @loader_path/Frameworks";
				PRODUCT_BUNDLE_IDENTIFIER = ai.picovoice.PicovoiceDemoUITests;
				PRODUCT_NAME = "$(TARGET_NAME)";
				SWIFT_VERSION = 5.0;
				TARGETED_DEVICE_FAMILY = "1,2";
				TEST_TARGET_NAME = PicovoiceDemo;
			};
			name = Release;
		};
		1760DF36253A175500395344 /* Debug */ = {
			isa = XCBuildConfiguration;
			buildSettings = {
				ALWAYS_SEARCH_USER_PATHS = NO;
				CLANG_ANALYZER_NONNULL = YES;
				CLANG_ANALYZER_NUMBER_OBJECT_CONVERSION = YES_AGGRESSIVE;
				CLANG_CXX_LANGUAGE_STANDARD = "gnu++14";
				CLANG_CXX_LIBRARY = "libc++";
				CLANG_ENABLE_MODULES = YES;
				CLANG_ENABLE_OBJC_ARC = YES;
				CLANG_ENABLE_OBJC_WEAK = YES;
				CLANG_WARN_BLOCK_CAPTURE_AUTORELEASING = YES;
				CLANG_WARN_BOOL_CONVERSION = YES;
				CLANG_WARN_COMMA = YES;
				CLANG_WARN_CONSTANT_CONVERSION = YES;
				CLANG_WARN_DEPRECATED_OBJC_IMPLEMENTATIONS = YES;
				CLANG_WARN_DIRECT_OBJC_ISA_USAGE = YES_ERROR;
				CLANG_WARN_DOCUMENTATION_COMMENTS = YES;
				CLANG_WARN_EMPTY_BODY = YES;
				CLANG_WARN_ENUM_CONVERSION = YES;
				CLANG_WARN_INFINITE_RECURSION = YES;
				CLANG_WARN_INT_CONVERSION = YES;
				CLANG_WARN_NON_LITERAL_NULL_CONVERSION = YES;
				CLANG_WARN_OBJC_IMPLICIT_RETAIN_SELF = YES;
				CLANG_WARN_OBJC_LITERAL_CONVERSION = YES;
				CLANG_WARN_OBJC_ROOT_CLASS = YES_ERROR;
				CLANG_WARN_QUOTED_INCLUDE_IN_FRAMEWORK_HEADER = YES;
				CLANG_WARN_RANGE_LOOP_ANALYSIS = YES;
				CLANG_WARN_STRICT_PROTOTYPES = YES;
				CLANG_WARN_SUSPICIOUS_MOVE = YES;
				CLANG_WARN_UNGUARDED_AVAILABILITY = YES_AGGRESSIVE;
				CLANG_WARN_UNREACHABLE_CODE = YES;
				CLANG_WARN__DUPLICATE_METHOD_MATCH = YES;
				COPY_PHASE_STRIP = NO;
				DEBUG_INFORMATION_FORMAT = dwarf;
				ENABLE_STRICT_OBJC_MSGSEND = YES;
				ENABLE_TESTABILITY = YES;
				GCC_C_LANGUAGE_STANDARD = gnu11;
				GCC_DYNAMIC_NO_PIC = NO;
				GCC_NO_COMMON_BLOCKS = YES;
				GCC_OPTIMIZATION_LEVEL = 0;
				GCC_PREPROCESSOR_DEFINITIONS = (
					"DEBUG=1",
					"$(inherited)",
				);
				GCC_WARN_64_TO_32_BIT_CONVERSION = YES;
				GCC_WARN_ABOUT_RETURN_TYPE = YES_ERROR;
				GCC_WARN_UNDECLARED_SELECTOR = YES;
				GCC_WARN_UNINITIALIZED_AUTOS = YES_AGGRESSIVE;
				GCC_WARN_UNUSED_FUNCTION = YES;
				GCC_WARN_UNUSED_VARIABLE = YES;
				IPHONEOS_DEPLOYMENT_TARGET = 9.0;
				MTL_ENABLE_DEBUG_INFO = INCLUDE_SOURCE;
				MTL_FAST_MATH = YES;
				ONLY_ACTIVE_ARCH = YES;
				SDKROOT = iphoneos;
				SWIFT_ACTIVE_COMPILATION_CONDITIONS = DEBUG;
				SWIFT_OPTIMIZATION_LEVEL = "-Onone";
			};
			name = Debug;
		};
		1760DF37253A175500395344 /* Release */ = {
			isa = XCBuildConfiguration;
			buildSettings = {
				ALWAYS_SEARCH_USER_PATHS = NO;
				CLANG_ANALYZER_NONNULL = YES;
				CLANG_ANALYZER_NUMBER_OBJECT_CONVERSION = YES_AGGRESSIVE;
				CLANG_CXX_LANGUAGE_STANDARD = "gnu++14";
				CLANG_CXX_LIBRARY = "libc++";
				CLANG_ENABLE_MODULES = YES;
				CLANG_ENABLE_OBJC_ARC = YES;
				CLANG_ENABLE_OBJC_WEAK = YES;
				CLANG_WARN_BLOCK_CAPTURE_AUTORELEASING = YES;
				CLANG_WARN_BOOL_CONVERSION = YES;
				CLANG_WARN_COMMA = YES;
				CLANG_WARN_CONSTANT_CONVERSION = YES;
				CLANG_WARN_DEPRECATED_OBJC_IMPLEMENTATIONS = YES;
				CLANG_WARN_DIRECT_OBJC_ISA_USAGE = YES_ERROR;
				CLANG_WARN_DOCUMENTATION_COMMENTS = YES;
				CLANG_WARN_EMPTY_BODY = YES;
				CLANG_WARN_ENUM_CONVERSION = YES;
				CLANG_WARN_INFINITE_RECURSION = YES;
				CLANG_WARN_INT_CONVERSION = YES;
				CLANG_WARN_NON_LITERAL_NULL_CONVERSION = YES;
				CLANG_WARN_OBJC_IMPLICIT_RETAIN_SELF = YES;
				CLANG_WARN_OBJC_LITERAL_CONVERSION = YES;
				CLANG_WARN_OBJC_ROOT_CLASS = YES_ERROR;
				CLANG_WARN_QUOTED_INCLUDE_IN_FRAMEWORK_HEADER = YES;
				CLANG_WARN_RANGE_LOOP_ANALYSIS = YES;
				CLANG_WARN_STRICT_PROTOTYPES = YES;
				CLANG_WARN_SUSPICIOUS_MOVE = YES;
				CLANG_WARN_UNGUARDED_AVAILABILITY = YES_AGGRESSIVE;
				CLANG_WARN_UNREACHABLE_CODE = YES;
				CLANG_WARN__DUPLICATE_METHOD_MATCH = YES;
				COPY_PHASE_STRIP = NO;
				DEBUG_INFORMATION_FORMAT = "dwarf-with-dsym";
				ENABLE_NS_ASSERTIONS = NO;
				ENABLE_STRICT_OBJC_MSGSEND = YES;
				GCC_C_LANGUAGE_STANDARD = gnu11;
				GCC_NO_COMMON_BLOCKS = YES;
				GCC_WARN_64_TO_32_BIT_CONVERSION = YES;
				GCC_WARN_ABOUT_RETURN_TYPE = YES_ERROR;
				GCC_WARN_UNDECLARED_SELECTOR = YES;
				GCC_WARN_UNINITIALIZED_AUTOS = YES_AGGRESSIVE;
				GCC_WARN_UNUSED_FUNCTION = YES;
				GCC_WARN_UNUSED_VARIABLE = YES;
				IPHONEOS_DEPLOYMENT_TARGET = 9.0;
				MTL_ENABLE_DEBUG_INFO = NO;
				MTL_FAST_MATH = YES;
				SDKROOT = iphoneos;
				SWIFT_OPTIMIZATION_LEVEL = "-Owholemodule";
				VALIDATE_PRODUCT = YES;
			};
			name = Release;
		};
		1760DF39253A175500395344 /* Debug */ = {
			isa = XCBuildConfiguration;
			baseConfigurationReference = F4F982E390BCDA86F185C25B /* Pods-PicovoiceDemo.debug.xcconfig */;
			buildSettings = {
				ASSETCATALOG_COMPILER_APPICON_NAME = AppIcon;
				ASSETCATALOG_COMPILER_GLOBAL_ACCENT_COLOR_NAME = AccentColor;
				CODE_SIGN_STYLE = Automatic;
				DEVELOPMENT_ASSET_PATHS = "\"PicovoiceDemo/Preview Content\"";
				DEVELOPMENT_TEAM = 65723695GD;
				ENABLE_PREVIEWS = YES;
				INFOPLIST_FILE = PicovoiceDemo/Info.plist;
				IPHONEOS_DEPLOYMENT_TARGET = 14.0;
				LD_RUNPATH_SEARCH_PATHS = "$(inherited) @executable_path/Frameworks";
				MODULEMAP_FILE = "";
				PRODUCT_BUNDLE_IDENTIFIER = ai.picovoice.iosnativepicovoicedemo;
				PRODUCT_NAME = "$(TARGET_NAME)";
				SWIFT_VERSION = 5.0;
				TARGETED_DEVICE_FAMILY = "1,2";
			};
			name = Debug;
		};
		1760DF3A253A175500395344 /* Release */ = {
			isa = XCBuildConfiguration;
			baseConfigurationReference = D2AF6C42DC1F39FC33A02E0E /* Pods-PicovoiceDemo.release.xcconfig */;
			buildSettings = {
				ASSETCATALOG_COMPILER_APPICON_NAME = AppIcon;
				ASSETCATALOG_COMPILER_GLOBAL_ACCENT_COLOR_NAME = AccentColor;
				CODE_SIGN_STYLE = Automatic;
				DEVELOPMENT_ASSET_PATHS = "\"PicovoiceDemo/Preview Content\"";
				DEVELOPMENT_TEAM = 65723695GD;
				ENABLE_PREVIEWS = YES;
				INFOPLIST_FILE = PicovoiceDemo/Info.plist;
				IPHONEOS_DEPLOYMENT_TARGET = 14.0;
				LD_RUNPATH_SEARCH_PATHS = "$(inherited) @executable_path/Frameworks";
				MODULEMAP_FILE = "";
				PRODUCT_BUNDLE_IDENTIFIER = ai.picovoice.iosnativepicovoicedemo;
				PRODUCT_NAME = "$(TARGET_NAME)";
				SWIFT_VERSION = 5.0;
				TARGETED_DEVICE_FAMILY = "1,2";
			};
			name = Release;
		};
/* End XCBuildConfiguration section */

/* Begin XCConfigurationList section */
		0251C367269E140400B77F69 /* Build configuration list for PBXNativeTarget "PicovoiceDemoUITests" */ = {
			isa = XCConfigurationList;
			buildConfigurations = (
				0251C365269E140400B77F69 /* Debug */,
				0251C366269E140400B77F69 /* Release */,
			);
			defaultConfigurationIsVisible = 0;
			defaultConfigurationName = Release;
		};
		1760DF24253A175000395344 /* Build configuration list for PBXProject "PicovoiceDemo" */ = {
			isa = XCConfigurationList;
			buildConfigurations = (
				1760DF36253A175500395344 /* Debug */,
				1760DF37253A175500395344 /* Release */,
			);
			defaultConfigurationIsVisible = 0;
			defaultConfigurationName = Release;
		};
		1760DF38253A175500395344 /* Build configuration list for PBXNativeTarget "PicovoiceDemo" */ = {
			isa = XCConfigurationList;
			buildConfigurations = (
				1760DF39253A175500395344 /* Debug */,
				1760DF3A253A175500395344 /* Release */,
			);
			defaultConfigurationIsVisible = 0;
			defaultConfigurationName = Release;
		};
/* End XCConfigurationList section */
	};
	rootObject = 1760DF21253A175000395344 /* Project object */;
}
