# THIS IS AN AUTOGENERATED FILE. DO NOT EDIT THIS FILE DIRECTLY.
# yarn lockfile v1


"@picovoice/picovoice-node@^1.1.2":
  version "1.1.3"
  resolved "https://registry.yarnpkg.com/@picovoice/picovoice-node/-/picovoice-node-1.1.3.tgz#51a301d264218e6472e2ed2b0670a2fd453bfb6a"
  integrity sha512-I3TMtLGri1Fr2QeUyE92auKordd4P7Ehkn/PGwYQuFz/6en74KzNvX/acUDma/FS5Qto+SKjpRRJD09wYf1xjA==
  dependencies:
    "@picovoice/porcupine-node" "^1.9.1"
    "@picovoice/rhino-node" "^1.6.3"

"@picovoice/porcupine-node@^1.9.1":
  version "1.9.2"
  resolved "https://registry.yarnpkg.com/@picovoice/porcupine-node/-/porcupine-node-1.9.2.tgz#509d0cd8c7b66715f1f0b2430b7e732cbf70d026"
  integrity sha512-b3dP7ufPGBu/g3HwWKBO9/X2+f3iTTd1h8JkFi1NLc369hBXE1DnSFRqOCNgsDd7w3Jjlgs6qxJgQ8E6ivHJ7A==

"@picovoice/pvrecorder-node@^1.0.1":
  version "1.0.1"
  resolved "https://registry.yarnpkg.com/@picovoice/pvrecorder-node/-/pvrecorder-node-1.0.1.tgz#6f6de63e0901ea6d5cb331f49b610ed4eb5121f5"
  integrity sha512-DE9cIfRmERZhuEdZDw5XYN8405dbdzY3YsBX3ygLPg3k/hUjzYoztAMFAKn0JHZs08zbzoWBg4xX748Yrndl2g==
  dependencies:
    ncp "^2.0.0"

"@picovoice/rhino-node@^1.6.3":
  version "1.6.3"
  resolved "https://registry.yarnpkg.com/@picovoice/rhino-node/-/rhino-node-1.6.3.tgz#2c541faee19b207f43a223476f72165d6801c08d"
  integrity sha512-YhKRMIG5D6YjnIai2EOLUuFNRAEMhDsmMuPLMZsy2/iLO9NNREvK8gTc4+5FTL0W+h/F/sWfzm1jvUTI7k9NpQ==

commander@^6.1.0:
  version "6.1.0"
  resolved "https://registry.yarnpkg.com/commander/-/commander-6.1.0.tgz#f8d722b78103141006b66f4c7ba1e97315ba75bc"
  integrity sha512-wl7PNrYWd2y5mp1OK/LhTlv8Ff4kQJQRXXAvF+uU/TPNiVJUxZLRYGj/B0y/lPGAVcSbJqH2Za/cvHmrPMC8mA==

ncp@^2.0.0:
  version "2.0.0"
  resolved "https://registry.yarnpkg.com/ncp/-/ncp-2.0.0.tgz#195a21d6c46e361d2fb1281ba38b91e9df7bdbb3"
  integrity sha1-GVoh1sRuNh0vsSgbo4uR6d9727M=

wavefile@^11.0.0:
  version "11.0.0"
  resolved "https://registry.yarnpkg.com/wavefile/-/wavefile-11.0.0.tgz#9302165874327ff63a704d00b154c753eaa1b8e7"
  integrity sha512-/OBiAALgWU24IG7sC84cDO/KfFuvajWc5Uec0oV2zrpOOZZDgGdOwHwgEzOrwh8jkubBk7PtZfQBIcI1OaE5Ng==
