// !$*UTF8*$!
{
	archiveVersion = 1;
	classes = {
	};
	objectVersion = 60;
	objects = {

/* Begin PBXBuildFile section */
		1E0063D227CED542006FF6E9 /* AppDelegate.swift in Sources */ = {isa = PBXBuildFile; fileRef = 1E0063D127CED542006FF6E9 /* AppDelegate.swift */; };
		1E0063D627CED542006FF6E9 /* ViewController.swift in Sources */ = {isa = PBXBuildFile; fileRef = 1E0063D527CED542006FF6E9 /* ViewController.swift */; };
		1E0063D927CED542006FF6E9 /* Main.storyboard in Resources */ = {isa = PBXBuildFile; fileRef = 1E0063D727CED542006FF6E9 /* Main.storyboard */; };
		1E0063DB27CED543006FF6E9 /* Assets.xcassets in Resources */ = {isa = PBXBuildFile; fileRef = 1E0063DA27CED543006FF6E9 /* Assets.xcassets */; };
		1E0063DE27CED543006FF6E9 /* LaunchScreen.storyboard in Resources */ = {isa = PBXBuildFile; fileRef = 1E0063DC27CED543006FF6E9 /* LaunchScreen.storyboard */; };
		1E0063F327CED543006FF6E9 /* PicovoiceAppTestUITests.swift in Sources */ = {isa = PBXBuildFile; fileRef = 1E0063F227CED543006FF6E9 /* PicovoiceAppTestUITests.swift */; };
		A52A72DA960D9C08EE6BB076 /* BaseTest.swift in Sources */ = {isa = PBXBuildFile; fileRef = A52A77FCE9CF5ADF0C8EAD36 /* BaseTest.swift */; };
		A52A7AD7390D2A6893C91843 /* PicovoiceLanguageTests.swift in Sources */ = {isa = PBXBuildFile; fileRef = A52A7E806E562D39BF3F887A /* PicovoiceLanguageTests.swift */; };
		E1C9DAD62CFF83FE0077E36C /* Picovoice in Frameworks */ = {isa = PBXBuildFile; productRef = E1C9DAD52CFF83FE0077E36C /* Picovoice */; };
		E1C9DAD82CFF83FE0077E36C /* Rhino in Frameworks */ = {isa = PBXBuildFile; productRef = E1C9DAD72CFF83FE0077E36C /* Rhino */; };
		E1C9DADA2CFF83FE0077E36C /* Porcupine in Frameworks */ = {isa = PBXBuildFile; productRef = E1C9DAD92CFF83FE0077E36C /* Porcupine */; };
		E1C9DADC2CFF83FE0077E36C /* ios_voice_processor in Frameworks */ = {isa = PBXBuildFile; productRef = E1C9DADB2CFF83FE0077E36C /* ios_voice_processor */; };
		E1C9DADE2CFF84060077E36C /* Picovoice in Frameworks */ = {isa = PBXBuildFile; productRef = E1C9DADD2CFF84060077E36C /* Picovoice */; };
		E1C9DAE02CFF84060077E36C /* Rhino in Frameworks */ = {isa = PBXBuildFile; productRef = E1C9DADF2CFF84060077E36C /* Rhino */; };
		E1C9DAE22CFF84060077E36C /* Porcupine in Frameworks */ = {isa = PBXBuildFile; productRef = E1C9DAE12CFF84060077E36C /* Porcupine */; };
		E1C9DAE42CFF84060077E36C /* ios_voice_processor in Frameworks */ = {isa = PBXBuildFile; productRef = E1C9DAE32CFF84060077E36C /* ios_voice_processor */; };
		E1C9DAE62CFF85210077E36C /* test_resources in Resources */ = {isa = PBXBuildFile; fileRef = E1C9DAE52CFF85210077E36C /* test_resources */; };
/* End PBXBuildFile section */

/* Begin PBXContainerItemProxy section */
		1E0063EF27CED543006FF6E9 /* PBXContainerItemProxy */ = {
			isa = PBXContainerItemProxy;
			containerPortal = 1E0063C627CED542006FF6E9 /* Project object */;
			proxyType = 1;
			remoteGlobalIDString = 1E0063CD27CED542006FF6E9;
			remoteInfo = PicovoiceAppTest;
		};
/* End PBXContainerItemProxy section */

/* Begin PBXFileReference section */
		1E0063CE27CED542006FF6E9 /* PicovoiceAppTest.app */ = {isa = PBXFileReference; explicitFileType = wrapper.application; includeInIndex = 0; path = PicovoiceAppTest.app; sourceTree = BUILT_PRODUCTS_DIR; };
		1E0063D127CED542006FF6E9 /* AppDelegate.swift */ = {isa = PBXFileReference; lastKnownFileType = sourcecode.swift; path = AppDelegate.swift; sourceTree = "<group>"; };
		1E0063D527CED542006FF6E9 /* ViewController.swift */ = {isa = PBXFileReference; lastKnownFileType = sourcecode.swift; path = ViewController.swift; sourceTree = "<group>"; };
		1E0063D827CED542006FF6E9 /* Base */ = {isa = PBXFileReference; lastKnownFileType = file.storyboard; name = Base; path = Base.lproj/Main.storyboard; sourceTree = "<group>"; };
		1E0063DA27CED543006FF6E9 /* Assets.xcassets */ = {isa = PBXFileReference; lastKnownFileType = folder.assetcatalog; path = Assets.xcassets; sourceTree = "<group>"; };
		1E0063DD27CED543006FF6E9 /* Base */ = {isa = PBXFileReference; lastKnownFileType = file.storyboard; name = Base; path = Base.lproj/LaunchScreen.storyboard; sourceTree = "<group>"; };
		1E0063DF27CED543006FF6E9 /* Info.plist */ = {isa = PBXFileReference; lastKnownFileType = text.plist.xml; path = Info.plist; sourceTree = "<group>"; };
		1E0063EE27CED543006FF6E9 /* PicovoiceAppTestUITests.xctest */ = {isa = PBXFileReference; explicitFileType = wrapper.cfbundle; includeInIndex = 0; path = PicovoiceAppTestUITests.xctest; sourceTree = BUILT_PRODUCTS_DIR; };
		1E0063F227CED543006FF6E9 /* PicovoiceAppTestUITests.swift */ = {isa = PBXFileReference; lastKnownFileType = sourcecode.swift; path = PicovoiceAppTestUITests.swift; sourceTree = "<group>"; };
		1E00640127CED575006FF6E9 /* Info.plist */ = {isa = PBXFileReference; lastKnownFileType = text.plist.xml; path = Info.plist; sourceTree = "<group>"; };
		A52A77FCE9CF5ADF0C8EAD36 /* BaseTest.swift */ = {isa = PBXFileReference; fileEncoding = 4; lastKnownFileType = sourcecode.swift; path = BaseTest.swift; sourceTree = "<group>"; };
		A52A7E806E562D39BF3F887A /* PicovoiceLanguageTests.swift */ = {isa = PBXFileReference; fileEncoding = 4; lastKnownFileType = sourcecode.swift; path = PicovoiceLanguageTests.swift; sourceTree = "<group>"; };
		E13A8A0E2CFE915F00906008 /* picovoice */ = {isa = PBXFileReference; lastKnownFileType = wrapper; name = picovoice; path = ../../..; sourceTree = "<group>"; };
		E1C9DAE52CFF85210077E36C /* test_resources */ = {isa = PBXFileReference; lastKnownFileType = folder; name = test_resources; path = PicovoiceAppTestUITests/test_resources; sourceTree = "<group>"; };
		E1C9DAE72CFF85E10077E36C /* test_resources */ = {isa = PBXFileReference; lastKnownFileType = folder; name = test_resources; path = PicovoiceAppTestUITests/test_resources; sourceTree = "<group>"; };
/* End PBXFileReference section */

/* Begin PBXFrameworksBuildPhase section */
		1E0063CB27CED542006FF6E9 /* Frameworks */ = {
			isa = PBXFrameworksBuildPhase;
			buildActionMask = 2147483647;
			files = (
				E1C9DAE22CFF84060077E36C /* Porcupine in Frameworks */,
				E1C9DADE2CFF84060077E36C /* Picovoice in Frameworks */,
				E1C9DAE42CFF84060077E36C /* ios_voice_processor in Frameworks */,
				E1C9DAE02CFF84060077E36C /* Rhino in Frameworks */,
			);
			runOnlyForDeploymentPostprocessing = 0;
		};
		1E0063EB27CED543006FF6E9 /* Frameworks */ = {
			isa = PBXFrameworksBuildPhase;
			buildActionMask = 2147483647;
			files = (
				E1C9DADA2CFF83FE0077E36C /* Porcupine in Frameworks */,
				E1C9DAD62CFF83FE0077E36C /* Picovoice in Frameworks */,
				E1C9DADC2CFF83FE0077E36C /* ios_voice_processor in Frameworks */,
				E1C9DAD82CFF83FE0077E36C /* Rhino in Frameworks */,
			);
			runOnlyForDeploymentPostprocessing = 0;
		};
/* End PBXFrameworksBuildPhase section */

/* Begin PBXGroup section */
		1E0063C527CED542006FF6E9 = {
			isa = PBXGroup;
			children = (
				E1C9DAE52CFF85210077E36C /* test_resources */,
				E1C9DAE72CFF85E10077E36C /* test_resources */,
				1E0063D027CED542006FF6E9 /* PicovoiceAppTest */,
				1E0063F127CED543006FF6E9 /* PicovoiceAppTestUITests */,
				E10B23742CFE826A009CDD3D /* Frameworks */,
				1E0063CF27CED542006FF6E9 /* Products */,
			);
			sourceTree = "<group>";
		};
		1E0063CF27CED542006FF6E9 /* Products */ = {
			isa = PBXGroup;
			children = (
				1E0063CE27CED542006FF6E9 /* PicovoiceAppTest.app */,
				1E0063EE27CED543006FF6E9 /* PicovoiceAppTestUITests.xctest */,
			);
			name = Products;
			sourceTree = "<group>";
		};
		1E0063D027CED542006FF6E9 /* PicovoiceAppTest */ = {
			isa = PBXGroup;
			children = (
				1E0063D127CED542006FF6E9 /* AppDelegate.swift */,
				1E0063D527CED542006FF6E9 /* ViewController.swift */,
				1E0063D727CED542006FF6E9 /* Main.storyboard */,
				1E0063DA27CED543006FF6E9 /* Assets.xcassets */,
				1E0063DC27CED543006FF6E9 /* LaunchScreen.storyboard */,
				1E0063DF27CED543006FF6E9 /* Info.plist */,
			);
			path = PicovoiceAppTest;
			sourceTree = "<group>";
		};
		1E0063F127CED543006FF6E9 /* PicovoiceAppTestUITests */ = {
			isa = PBXGroup;
			children = (
				1E0063F227CED543006FF6E9 /* PicovoiceAppTestUITests.swift */,
				1E00640127CED575006FF6E9 /* Info.plist */,
				A52A77FCE9CF5ADF0C8EAD36 /* BaseTest.swift */,
				A52A7E806E562D39BF3F887A /* PicovoiceLanguageTests.swift */,
			);
			path = PicovoiceAppTestUITests;
			sourceTree = "<group>";
		};
		E10B23742CFE826A009CDD3D /* Frameworks */ = {
			isa = PBXGroup;
			children = (
				E13A8A0E2CFE915F00906008 /* picovoice */,
			);
			name = Frameworks;
			sourceTree = "<group>";
		};
/* End PBXGroup section */

/* Begin PBXNativeTarget section */
		1E0063CD27CED542006FF6E9 /* PicovoiceAppTest */ = {
			isa = PBXNativeTarget;
			buildConfigurationList = 1E0063F827CED543006FF6E9 /* Build configuration list for PBXNativeTarget "PicovoiceAppTest" */;
			buildPhases = (
				1E0063CA27CED542006FF6E9 /* Sources */,
				1E0063CB27CED542006FF6E9 /* Frameworks */,
				1E0063CC27CED542006FF6E9 /* Resources */,
			);
			buildRules = (
			);
			dependencies = (
			);
			name = PicovoiceAppTest;
			productName = PicovoiceAppTest;
			productReference = 1E0063CE27CED542006FF6E9 /* PicovoiceAppTest.app */;
			productType = "com.apple.product-type.application";
		};
		1E0063ED27CED543006FF6E9 /* PicovoiceAppTestUITests */ = {
			isa = PBXNativeTarget;
			buildConfigurationList = 1E0063FE27CED543006FF6E9 /* Build configuration list for PBXNativeTarget "PicovoiceAppTestUITests" */;
			buildPhases = (
				1E0063EA27CED543006FF6E9 /* Sources */,
				1E0063EB27CED543006FF6E9 /* Frameworks */,
				1E0063EC27CED543006FF6E9 /* Resources */,
			);
			buildRules = (
			);
			dependencies = (
				1E0063F027CED543006FF6E9 /* PBXTargetDependency */,
			);
			name = PicovoiceAppTestUITests;
			productName = PicovoiceAppTestUITests;
			productReference = 1E0063EE27CED543006FF6E9 /* PicovoiceAppTestUITests.xctest */;
			productType = "com.apple.product-type.bundle.ui-testing";
		};
/* End PBXNativeTarget section */

/* Begin PBXProject section */
		1E0063C627CED542006FF6E9 /* Project object */ = {
			isa = PBXProject;
			attributes = {
				BuildIndependentTargetsInParallel = 1;
				LastSwiftUpdateCheck = 1320;
				LastUpgradeCheck = 1320;
				TargetAttributes = {
					1E0063CD27CED542006FF6E9 = {
						CreatedOnToolsVersion = 13.2.1;
					};
					1E0063ED27CED543006FF6E9 = {
						CreatedOnToolsVersion = 13.2.1;
						TestTargetID = 1E0063CD27CED542006FF6E9;
					};
				};
			};
			buildConfigurationList = 1E0063C927CED542006FF6E9 /* Build configuration list for PBXProject "PicovoiceAppTest" */;
			compatibilityVersion = "Xcode 13.0";
			developmentRegion = en;
			hasScannedForEncodings = 0;
			knownRegions = (
				en,
				Base,
			);
			mainGroup = 1E0063C527CED542006FF6E9;
			packageReferences = (
				E1C9DAD12CFF838F0077E36C /* XCRemoteSwiftPackageReference "rhino" */,
				E1C9DAD22CFF83A30077E36C /* XCRemoteSwiftPackageReference "porcupine" */,
				E1C9DAD32CFF83B90077E36C /* XCRemoteSwiftPackageReference "ios-voice-processor" */,
				E1C9DAD42CFF83D50077E36C /* XCLocalSwiftPackageReference "../../../../picovoice" */,
			);
			productRefGroup = 1E0063CF27CED542006FF6E9 /* Products */;
			projectDirPath = "";
			projectRoot = "";
			targets = (
				1E0063CD27CED542006FF6E9 /* PicovoiceAppTest */,
				1E0063ED27CED543006FF6E9 /* PicovoiceAppTestUITests */,
			);
		};
/* End PBXProject section */

/* Begin PBXResourcesBuildPhase section */
		1E0063CC27CED542006FF6E9 /* Resources */ = {
			isa = PBXResourcesBuildPhase;
			buildActionMask = 2147483647;
			files = (
				1E0063DE27CED543006FF6E9 /* LaunchScreen.storyboard in Resources */,
				1E0063DB27CED543006FF6E9 /* Assets.xcassets in Resources */,
				1E0063D927CED542006FF6E9 /* Main.storyboard in Resources */,
			);
			runOnlyForDeploymentPostprocessing = 0;
		};
		1E0063EC27CED543006FF6E9 /* Resources */ = {
			isa = PBXResourcesBuildPhase;
			buildActionMask = 2147483647;
			files = (
				E1C9DAE62CFF85210077E36C /* test_resources in Resources */,
			);
			runOnlyForDeploymentPostprocessing = 0;
		};
/* End PBXResourcesBuildPhase section */

/* Begin PBXSourcesBuildPhase section */
		1E0063CA27CED542006FF6E9 /* Sources */ = {
			isa = PBXSourcesBuildPhase;
			buildActionMask = 2147483647;
			files = (
				1E0063D627CED542006FF6E9 /* ViewController.swift in Sources */,
				1E0063D227CED542006FF6E9 /* AppDelegate.swift in Sources */,
			);
			runOnlyForDeploymentPostprocessing = 0;
		};
		1E0063EA27CED543006FF6E9 /* Sources */ = {
			isa = PBXSourcesBuildPhase;
			buildActionMask = 2147483647;
			files = (
				1E0063F327CED543006FF6E9 /* PicovoiceAppTestUITests.swift in Sources */,
				A52A72DA960D9C08EE6BB076 /* BaseTest.swift in Sources */,
				A52A7AD7390D2A6893C91843 /* PicovoiceLanguageTests.swift in Sources */,
			);
			runOnlyForDeploymentPostprocessing = 0;
		};
/* End PBXSourcesBuildPhase section */

/* Begin PBXTargetDependency section */
		1E0063F027CED543006FF6E9 /* PBXTargetDependency */ = {
			isa = PBXTargetDependency;
			target = 1E0063CD27CED542006FF6E9 /* PicovoiceAppTest */;
			targetProxy = 1E0063EF27CED543006FF6E9 /* PBXContainerItemProxy */;
		};
/* End PBXTargetDependency section */

/* Begin PBXVariantGroup section */
		1E0063D727CED542006FF6E9 /* Main.storyboard */ = {
			isa = PBXVariantGroup;
			children = (
				1E0063D827CED542006FF6E9 /* Base */,
			);
			name = Main.storyboard;
			sourceTree = "<group>";
		};
		1E0063DC27CED543006FF6E9 /* LaunchScreen.storyboard */ = {
			isa = PBXVariantGroup;
			children = (
				1E0063DD27CED543006FF6E9 /* Base */,
			);
			name = LaunchScreen.storyboard;
			sourceTree = "<group>";
		};
/* End PBXVariantGroup section */

/* Begin XCBuildConfiguration section */
		1E0063F627CED543006FF6E9 /* Debug */ = {
			isa = XCBuildConfiguration;
			buildSettings = {
				ALWAYS_SEARCH_USER_PATHS = NO;
				CLANG_ANALYZER_NONNULL = YES;
				CLANG_ANALYZER_NUMBER_OBJECT_CONVERSION = YES_AGGRESSIVE;
				CLANG_CXX_LANGUAGE_STANDARD = "gnu++17";
				CLANG_CXX_LIBRARY = "libc++";
				CLANG_ENABLE_MODULES = YES;
				CLANG_ENABLE_OBJC_ARC = YES;
				CLANG_ENABLE_OBJC_WEAK = YES;
				CLANG_WARN_BLOCK_CAPTURE_AUTORELEASING = YES;
				CLANG_WARN_BOOL_CONVERSION = YES;
				CLANG_WARN_COMMA = YES;
				CLANG_WARN_CONSTANT_CONVERSION = YES;
				CLANG_WARN_DEPRECATED_OBJC_IMPLEMENTATIONS = YES;
				CLANG_WARN_DIRECT_OBJC_ISA_USAGE = YES_ERROR;
				CLANG_WARN_DOCUMENTATION_COMMENTS = YES;
				CLANG_WARN_EMPTY_BODY = YES;
				CLANG_WARN_ENUM_CONVERSION = YES;
				CLANG_WARN_INFINITE_RECURSION = YES;
				CLANG_WARN_INT_CONVERSION = YES;
				CLANG_WARN_NON_LITERAL_NULL_CONVERSION = YES;
				CLANG_WARN_OBJC_IMPLICIT_RETAIN_SELF = YES;
				CLANG_WARN_OBJC_LITERAL_CONVERSION = YES;
				CLANG_WARN_OBJC_ROOT_CLASS = YES_ERROR;
				CLANG_WARN_QUOTED_INCLUDE_IN_FRAMEWORK_HEADER = YES;
				CLANG_WARN_RANGE_LOOP_ANALYSIS = YES;
				CLANG_WARN_STRICT_PROTOTYPES = YES;
				CLANG_WARN_SUSPICIOUS_MOVE = YES;
				CLANG_WARN_UNGUARDED_AVAILABILITY = YES_AGGRESSIVE;
				CLANG_WARN_UNREACHABLE_CODE = YES;
				CLANG_WARN__DUPLICATE_METHOD_MATCH = YES;
				COPY_PHASE_STRIP = NO;
				DEBUG_INFORMATION_FORMAT = dwarf;
				ENABLE_STRICT_OBJC_MSGSEND = YES;
				ENABLE_TESTABILITY = YES;
				GCC_C_LANGUAGE_STANDARD = gnu11;
				GCC_DYNAMIC_NO_PIC = NO;
				GCC_NO_COMMON_BLOCKS = YES;
				GCC_OPTIMIZATION_LEVEL = 0;
				GCC_PREPROCESSOR_DEFINITIONS = (
					"DEBUG=1",
					"$(inherited)",
				);
				GCC_WARN_64_TO_32_BIT_CONVERSION = YES;
				GCC_WARN_ABOUT_RETURN_TYPE = YES_ERROR;
				GCC_WARN_UNDECLARED_SELECTOR = YES;
				GCC_WARN_UNINITIALIZED_AUTOS = YES_AGGRESSIVE;
				GCC_WARN_UNUSED_FUNCTION = YES;
				GCC_WARN_UNUSED_VARIABLE = YES;
				IPHONEOS_DEPLOYMENT_TARGET = 13.0;
				MTL_ENABLE_DEBUG_INFO = YES;
				ONLY_ACTIVE_ARCH = YES;
				SDKROOT = iphoneos;
				SWIFT_ACTIVE_COMPILATION_CONDITIONS = DEBUG;
				SWIFT_OPTIMIZATION_LEVEL = "-Onone";
			};
			name = Debug;
		};
		1E0063F727CED543006FF6E9 /* Release */ = {
			isa = XCBuildConfiguration;
			buildSettings = {
				ALWAYS_SEARCH_USER_PATHS = NO;
				CLANG_ANALYZER_NONNULL = YES;
				CLANG_ANALYZER_NUMBER_OBJECT_CONVERSION = YES_AGGRESSIVE;
				CLANG_CXX_LANGUAGE_STANDARD = "gnu++17";
				CLANG_CXX_LIBRARY = "libc++";
				CLANG_ENABLE_MODULES = YES;
				CLANG_ENABLE_OBJC_ARC = YES;
				CLANG_ENABLE_OBJC_WEAK = YES;
				CLANG_WARN_BLOCK_CAPTURE_AUTORELEASING = YES;
				CLANG_WARN_BOOL_CONVERSION = YES;
				CLANG_WARN_COMMA = YES;
				CLANG_WARN_CONSTANT_CONVERSION = YES;
				CLANG_WARN_DEPRECATED_OBJC_IMPLEMENTATIONS = YES;
				CLANG_WARN_DIRECT_OBJC_ISA_USAGE = YES_ERROR;
				CLANG_WARN_DOCUMENTATION_COMMENTS = YES;
				CLANG_WARN_EMPTY_BODY = YES;
				CLANG_WARN_ENUM_CONVERSION = YES;
				CLANG_WARN_INFINITE_RECURSION = YES;
				CLANG_WARN_INT_CONVERSION = YES;
				CLANG_WARN_NON_LITERAL_NULL_CONVERSION = YES;
				CLANG_WARN_OBJC_IMPLICIT_RETAIN_SELF = YES;
				CLANG_WARN_OBJC_LITERAL_CONVERSION = YES;
				CLANG_WARN_OBJC_ROOT_CLASS = YES_ERROR;
				CLANG_WARN_QUOTED_INCLUDE_IN_FRAMEWORK_HEADER = YES;
				CLANG_WARN_RANGE_LOOP_ANALYSIS = YES;
				CLANG_WARN_STRICT_PROTOTYPES = YES;
				CLANG_WARN_SUSPICIOUS_MOVE = YES;
				CLANG_WARN_UNGUARDED_AVAILABILITY = YES_AGGRESSIVE;
				CLANG_WARN_UNREACHABLE_CODE = YES;
				CLANG_WARN__DUPLICATE_METHOD_MATCH = YES;
				COPY_PHASE_STRIP = NO;
				DEBUG_INFORMATION_FORMAT = "dwarf-with-dsym";
				ENABLE_NS_ASSERTIONS = NO;
				ENABLE_STRICT_OBJC_MSGSEND = YES;
				GCC_C_LANGUAGE_STANDARD = gnu11;
				GCC_NO_COMMON_BLOCKS = YES;
				GCC_WARN_64_TO_32_BIT_CONVERSION = YES;
				GCC_WARN_ABOUT_RETURN_TYPE = YES_ERROR;
				GCC_WARN_UNDECLARED_SELECTOR = YES;
				GCC_WARN_UNINITIALIZED_AUTOS = YES_AGGRESSIVE;
				GCC_WARN_UNUSED_FUNCTION = YES;
				GCC_WARN_UNUSED_VARIABLE = YES;
				IPHONEOS_DEPLOYMENT_TARGET = 13.0;
				MTL_ENABLE_DEBUG_INFO = NO;
				SDKROOT = iphoneos;
				SWIFT_COMPILATION_MODE = wholemodule;
				SWIFT_OPTIMIZATION_LEVEL = "-O";
				VALIDATE_PRODUCT = YES;
			};
			name = Release;
		};
		1E0063F927CED543006FF6E9 /* Debug */ = {
			isa = XCBuildConfiguration;
			buildSettings = {
				ASSETCATALOG_COMPILER_APPICON_NAME = AppIcon;
				ASSETCATALOG_COMPILER_GLOBAL_ACCENT_COLOR_NAME = AccentColor;
				CODE_SIGN_STYLE = Automatic;
				CURRENT_PROJECT_VERSION = 1;
				DEVELOPMENT_TEAM = 65723695GD;
				GENERATE_INFOPLIST_FILE = YES;
				INFOPLIST_FILE = PicovoiceAppTest/Info.plist;
				INFOPLIST_KEY_UIApplicationSupportsIndirectInputEvents = YES;
				INFOPLIST_KEY_UILaunchStoryboardName = LaunchScreen;
				INFOPLIST_KEY_UIMainStoryboardFile = Main;
				INFOPLIST_KEY_UISupportedInterfaceOrientations_iPad = "UIInterfaceOrientationPortrait UIInterfaceOrientationPortraitUpsideDown UIInterfaceOrientationLandscapeLeft UIInterfaceOrientationLandscapeRight";
				INFOPLIST_KEY_UISupportedInterfaceOrientations_iPhone = "UIInterfaceOrientationPortrait UIInterfaceOrientationLandscapeLeft UIInterfaceOrientationLandscapeRight";
				IPHONEOS_DEPLOYMENT_TARGET = 13.0;
				LD_RUNPATH_SEARCH_PATHS = (
					"$(inherited)",
					"@executable_path/Frameworks",
				);
				MARKETING_VERSION = 1.0;
				PRODUCT_BUNDLE_IDENTIFIER = ai.picovoice.PicovoiceAppTest;
				PRODUCT_NAME = "$(TARGET_NAME)";
				SWIFT_EMIT_LOC_STRINGS = YES;
				SWIFT_VERSION = 5.0;
				TARGETED_DEVICE_FAMILY = "1,2";
			};
			name = Debug;
		};
		1E0063FA27CED543006FF6E9 /* Release */ = {
			isa = XCBuildConfiguration;
			buildSettings = {
				ASSETCATALOG_COMPILER_APPICON_NAME = AppIcon;
				ASSETCATALOG_COMPILER_GLOBAL_ACCENT_COLOR_NAME = AccentColor;
				CODE_SIGN_STYLE = Automatic;
				CURRENT_PROJECT_VERSION = 1;
				DEVELOPMENT_TEAM = 65723695GD;
				GENERATE_INFOPLIST_FILE = YES;
				INFOPLIST_FILE = PicovoiceAppTest/Info.plist;
				INFOPLIST_KEY_UIApplicationSupportsIndirectInputEvents = YES;
				INFOPLIST_KEY_UILaunchStoryboardName = LaunchScreen;
				INFOPLIST_KEY_UIMainStoryboardFile = Main;
				INFOPLIST_KEY_UISupportedInterfaceOrientations_iPad = "UIInterfaceOrientationPortrait UIInterfaceOrientationPortraitUpsideDown UIInterfaceOrientationLandscapeLeft UIInterfaceOrientationLandscapeRight";
				INFOPLIST_KEY_UISupportedInterfaceOrientations_iPhone = "UIInterfaceOrientationPortrait UIInterfaceOrientationLandscapeLeft UIInterfaceOrientationLandscapeRight";
				IPHONEOS_DEPLOYMENT_TARGET = 13.0;
				LD_RUNPATH_SEARCH_PATHS = (
					"$(inherited)",
					"@executable_path/Frameworks",
				);
				MARKETING_VERSION = 1.0;
				PRODUCT_BUNDLE_IDENTIFIER = ai.picovoice.PicovoiceAppTest;
				PRODUCT_NAME = "$(TARGET_NAME)";
				SWIFT_EMIT_LOC_STRINGS = YES;
				SWIFT_VERSION = 5.0;
				TARGETED_DEVICE_FAMILY = "1,2";
			};
			name = Release;
		};
		1E0063FF27CED543006FF6E9 /* Debug */ = {
			isa = XCBuildConfiguration;
			buildSettings = {
				CODE_SIGN_STYLE = Automatic;
				CURRENT_PROJECT_VERSION = 1;
				DEVELOPMENT_TEAM = 65723695GD;
				GENERATE_INFOPLIST_FILE = YES;
				LD_RUNPATH_SEARCH_PATHS = (
					"$(inherited)",
					"@executable_path/Frameworks",
					"@loader_path/Frameworks",
				);
				MARKETING_VERSION = 1.0;
				PRODUCT_BUNDLE_IDENTIFIER = ai.picovoice.PicovoiceAppTestUITests;
				PRODUCT_NAME = "$(TARGET_NAME)";
				SWIFT_EMIT_LOC_STRINGS = NO;
				SWIFT_VERSION = 5.0;
				TARGETED_DEVICE_FAMILY = "1,2";
				TEST_TARGET_NAME = PicovoiceAppTest;
			};
			name = Debug;
		};
		1E00640027CED543006FF6E9 /* Release */ = {
			isa = XCBuildConfiguration;
			buildSettings = {
				CODE_SIGN_STYLE = Automatic;
				CURRENT_PROJECT_VERSION = 1;
				DEVELOPMENT_TEAM = 65723695GD;
				GENERATE_INFOPLIST_FILE = YES;
				LD_RUNPATH_SEARCH_PATHS = (
					"$(inherited)",
					"@executable_path/Frameworks",
					"@loader_path/Frameworks",
				);
				MARKETING_VERSION = 1.0;
				PRODUCT_BUNDLE_IDENTIFIER = ai.picovoice.PicovoiceAppTestUITests;
				PRODUCT_NAME = "$(TARGET_NAME)";
				SWIFT_EMIT_LOC_STRINGS = NO;
				SWIFT_VERSION = 5.0;
				TARGETED_DEVICE_FAMILY = "1,2";
				TEST_TARGET_NAME = PicovoiceAppTest;
			};
			name = Release;
		};
/* End XCBuildConfiguration section */

/* Begin XCConfigurationList section */
		1E0063C927CED542006FF6E9 /* Build configuration list for PBXProject "PicovoiceAppTest" */ = {
			isa = XCConfigurationList;
			buildConfigurations = (
				1E0063F627CED543006FF6E9 /* Debug */,
				1E0063F727CED543006FF6E9 /* Release */,
			);
			defaultConfigurationIsVisible = 0;
			defaultConfigurationName = Release;
		};
		1E0063F827CED543006FF6E9 /* Build configuration list for PBXNativeTarget "PicovoiceAppTest" */ = {
			isa = XCConfigurationList;
			buildConfigurations = (
				1E0063F927CED543006FF6E9 /* Debug */,
				1E0063FA27CED543006FF6E9 /* Release */,
			);
			defaultConfigurationIsVisible = 0;
			defaultConfigurationName = Release;
		};
		1E0063FE27CED543006FF6E9 /* Build configuration list for PBXNativeTarget "PicovoiceAppTestUITests" */ = {
			isa = XCConfigurationList;
			buildConfigurations = (
				1E0063FF27CED543006FF6E9 /* Debug */,
				1E00640027CED543006FF6E9 /* Release */,
			);
			defaultConfigurationIsVisible = 0;
			defaultConfigurationName = Release;
		};
/* End XCConfigurationList section */

/* Begin XCLocalSwiftPackageReference section */
		E1C9DAD42CFF83D50077E36C /* XCLocalSwiftPackageReference "../../../../picovoice" */ = {
			isa = XCLocalSwiftPackageReference;
			relativePath = ../../../../picovoice;
		};
/* End XCLocalSwiftPackageReference section */

/* Begin XCRemoteSwiftPackageReference section */
		E1C9DAD12CFF838F0077E36C /* XCRemoteSwiftPackageReference "rhino" */ = {
			isa = XCRemoteSwiftPackageReference;
			repositoryURL = "https://github.com/Picovoice/rhino";
			requirement = {
				kind = exactVersion;
				version = 3.0.2;
			};
		};
		E1C9DAD22CFF83A30077E36C /* XCRemoteSwiftPackageReference "porcupine" */ = {
			isa = XCRemoteSwiftPackageReference;
			repositoryURL = "https://github.com/Picovoice/porcupine/";
			requirement = {
				kind = exactVersion;
				version = 3.0.4;
			};
		};
		E1C9DAD32CFF83B90077E36C /* XCRemoteSwiftPackageReference "ios-voice-processor" */ = {
			isa = XCRemoteSwiftPackageReference;
			repositoryURL = "https://github.com/Picovoice/ios-voice-processor";
			requirement = {
				kind = exactVersion;
				version = 1.2.0;
			};
		};
/* End XCRemoteSwiftPackageReference section */

/* Begin XCSwiftPackageProductDependency section */
		E1C9DAD52CFF83FE0077E36C /* Picovoice */ = {
			isa = XCSwiftPackageProductDependency;
			productName = Picovoice;
		};
		E1C9DAD72CFF83FE0077E36C /* Rhino */ = {
			isa = XCSwiftPackageProductDependency;
			package = E1C9DAD12CFF838F0077E36C /* XCRemoteSwiftPackageReference "rhino" */;
			productName = Rhino;
		};
		E1C9DAD92CFF83FE0077E36C /* Porcupine */ = {
			isa = XCSwiftPackageProductDependency;
			package = E1C9DAD22CFF83A30077E36C /* XCRemoteSwiftPackageReference "porcupine" */;
			productName = Porcupine;
		};
		E1C9DADB2CFF83FE0077E36C /* ios_voice_processor */ = {
			isa = XCSwiftPackageProductDependency;
			package = E1C9DAD32CFF83B90077E36C /* XCRemoteSwiftPackageReference "ios-voice-processor" */;
			productName = ios_voice_processor;
		};
		E1C9DADD2CFF84060077E36C /* Picovoice */ = {
			isa = XCSwiftPackageProductDependency;
			productName = Picovoice;
		};
		E1C9DADF2CFF84060077E36C /* Rhino */ = {
			isa = XCSwiftPackageProductDependency;
			package = E1C9DAD12CFF838F0077E36C /* XCRemoteSwiftPackageReference "rhino" */;
			productName = Rhino;
		};
		E1C9DAE12CFF84060077E36C /* Porcupine */ = {
			isa = XCSwiftPackageProductDependency;
			package = E1C9DAD22CFF83A30077E36C /* XCRemoteSwiftPackageReference "porcupine" */;
			productName = Porcupine;
		};
		E1C9DAE32CFF84060077E36C /* ios_voice_processor */ = {
			isa = XCSwiftPackageProductDependency;
			package = E1C9DAD32CFF83B90077E36C /* XCRemoteSwiftPackageReference "ios-voice-processor" */;
			productName = ios_voice_processor;
		};
/* End XCSwiftPackageProductDependency section */
	};
	rootObject = 1E0063C627CED542006FF6E9 /* Project object */;
}
