PODS:
  - ios-voice-processor (1.1.0)
  - Picovoice-iOS (3.0.1):
    - ios-voice-processor (~> 1.1.0)
    - Porcupine-iOS (~> 3.0.1)
    - Rhino-iOS (~> 3.0.1)
  - Porcupine-iOS (3.0.1):
    - ios-voice-processor (~> 1.1.0)
  - Rhino-iOS (3.0.1):
    - ios-voice-processor (~> 1.1.0)
  - SwiftySound (1.2.0)

DEPENDENCIES:
  - Picovoice-iOS (~> 3.0.1)
  - SwiftySound

SPEC REPOS:
  trunk:
    - ios-voice-processor
    - Picovoice-iOS
    - Porcupine-iOS
    - Rhino-iOS
    - SwiftySound

SPEC CHECKSUMS:
  ios-voice-processor: 8e32d7f980a06d392d128ef1cd19cf6ddcaca3c1
  Picovoice-iOS: 86591b96a80769e9793ff83bdee530387ab9b78d
  Porcupine-iOS: 6d69509fa587f3ac0be1adfefb48e0c6ce029fff
  Rhino-iOS: 4eeb02b38696907b28dd6f5dfa3a8f25355554ca
  SwiftySound: 9eb28bb14edb601b40027e44319e0ef8383f88bf

PODFILE CHECKSUM: 70bc37eb3653f3bc5e7e8808250fd5ec0a6a9393

COCOAPODS: 1.11.3
