PODS:
  - ios-voice-processor (1.0.3)
  - Picovoice-iOS (2.1.2):
    - ios-voice-processor (~> 1.0.2)
    - Porcupine-iOS (~> 2.1.1)
    - Rhino-iOS (~> 2.1.2)
  - Porcupine-iOS (2.1.1):
    - ios-voice-processor (~> 1.0.2)
  - Rhino-iOS (2.1.2):
    - ios-voice-processor (~> 1.0.2)
  - SwiftySound (1.2.0)

DEPENDENCIES:
  - Picovoice-iOS (from `https://raw.githubusercontent.com/Picovoice/picovoice/ios-update/sdk/ios/Picovoice-iOS.podspec`)
  - Rhino-iOS (from `https://raw.githubusercontent.com/Picovoice/rhino/lib-update/binding/ios/Rhino-iOS.podspec`)
  - SwiftySound

SPEC REPOS:
  trunk:
    - ios-voice-processor
    - Porcupine-iOS
    - SwiftySound

EXTERNAL SOURCES:
  Picovoice-iOS:
    :podspec: https://raw.githubusercontent.com/Picovoice/picovoice/ios-update/sdk/ios/Picovoice-iOS.podspec
  Rhino-iOS:
    :podspec: https://raw.githubusercontent.com/Picovoice/rhino/lib-update/binding/ios/Rhino-iOS.podspec

CHECKOUT OPTIONS:
  Picovoice-iOS:
    :commit: 0c0156543f77381cfa71444c2027e9c2b2555465
    :git: https://github.com/Picovoice/picovoice.git
  Rhino-iOS:
    :commit: 8c21b8b88b833f6dcbf65083a1f08011e65aed52
    :git: https://github.com/Picovoice/rhino.git

SPEC CHECKSUMS:
  ios-voice-processor: 65b25a8db69ea25ffba0eeef37bae71a982f34cc
  Picovoice-iOS: bd8c1938e124d9565efc9b7ef9164ffd595fb47a
  Porcupine-iOS: afcb0d0c2369e9bdd1a9a9cf3e2318f152dcddb1
  Rhino-iOS: 075a258d07fc55c316a86a5ec84667e015a2ddaf
  SwiftySound: 9eb28bb14edb601b40027e44319e0ef8383f88bf

PODFILE CHECKSUM: 3182465c127c828af3f334015da3bd5ad4c78b75

COCOAPODS: 1.11.2
