PODS:
  - Picovoice-iOS (1.1.2):
    - Porcupine-iOS (~> 1.9.3)
    - Rhino-iOS (~> 1.6.3)
  - Porcupine-iOS (1.9.3)
  - Rhino-iOS (1.6.3)

DEPENDENCIES:
  - Picovoice-iOS

SPEC REPOS:
  trunk:
    - Picovoice-iOS
    - Porcupine-iOS
    - Rhino-iOS

SPEC CHECKSUMS:
  Picovoice-iOS: 2adde63089bd3ab23c1ea7cb41fa53a60deb8634
  Porcupine-iOS: 15d9bd18f1ee8ee27715325e7c9318268cc064d2
  Rhino-iOS: b40c16310ca04d9c504d678978084725aae6401b

PODFILE CHECKSUM: 31ee90613da8ddbfea5e740c4305c8c831e08fb4

COCOAPODS: 1.10.1
